// !$*UTF8*$!
{
	archiveVersion = 1;
	classes = {
	};
	objectVersion = 50;
	objects = {

/* Begin PBXBuildFile section */
		9CE32E0F23F4FC0A00A03FFE /* AppDelegate.swift in Sources */ = {isa = PBXBuildFile; fileRef = 9CE32E0E23F4FC0A00A03FFE /* AppDelegate.swift */; };
		9CE32E1123F4FC0A00A03FFE /* SceneDelegate.swift in Sources */ = {isa = PBXBuildFile; fileRef = 9CE32E1023F4FC0A00A03FFE /* SceneDelegate.swift */; };
		9CE32E1323F4FC0A00A03FFE /* ViewController.swift in Sources */ = {isa = PBXBuildFile; fileRef = 9CE32E1223F4FC0A00A03FFE /* ViewController.swift */; };
		9CE32E1623F4FC0A00A03FFE /* Main.storyboard in Resources */ = {isa = PBXBuildFile; fileRef = 9CE32E1423F4FC0A00A03FFE /* Main.storyboard */; };
		9CE32E1823F4FC0C00A03FFE /* Assets.xcassets in Resources */ = {isa = PBXBuildFile; fileRef = 9CE32E1723F4FC0C00A03FFE /* Assets.xcassets */; };
		9CE32E1B23F4FC0C00A03FFE /* LaunchScreen.storyboard in Resources */ = {isa = PBXBuildFile; fileRef = 9CE32E1923F4FC0C00A03FFE /* LaunchScreen.storyboard */; };
/* End PBXBuildFile section */

/* Begin PBXFileReference section */
		9CE32E0B23F4FC0A00A03FFE /* B2.app */ = {isa = PBXFileReference; explicitFileType = wrapper.application; includeInIndex = 0; path = B2.app; sourceTree = BUILT_PRODUCTS_DIR; };
		9CE32E0E23F4FC0A00A03FFE /* AppDelegate.swift */ = {isa = PBXFileReference; lastKnownFileType = sourcecode.swift; path = AppDelegate.swift; sourceTree = "<group>"; };
		9CE32E1023F4FC0A00A03FFE /* SceneDelegate.swift */ = {isa = PBXFileReference; lastKnownFileType = sourcecode.swift; path = SceneDelegate.swift; sourceTree = "<group>"; };
		9CE32E1223F4FC0A00A03FFE /* ViewController.swift */ = {isa = PBXFileReference; lastKnownFileType = sourcecode.swift; path = ViewController.swift; sourceTree = "<group>"; };
		9CE32E1523F4FC0A00A03FFE /* Base */ = {isa = PBXFileReference; lastKnownFileType = file.storyboard; name = Base; path = Base.lproj/Main.storyboard; sourceTree = "<group>"; };
		9CE32E1723F4FC0C00A03FFE /* Assets.xcassets */ = {isa = PBXFileReference; lastKnownFileType = folder.assetcatalog; path = Assets.xcassets; sourceTree = "<group>"; };
		9CE32E1A23F4FC0C00A03FFE /* Base */ = {isa = PBXFileReference; lastKnownFileType = file.storyboard; name = Base; path = Base.lproj/LaunchScreen.storyboard; sourceTree = "<group>"; };
		9CE32E1C23F4FC0C00A03FFE /* Info.plist */ = {isa = PBXFileReference; lastKnownFileType = text.plist.xml; path = Info.plist; sourceTree = "<group>"; };
/* End PBXFileReference section */

/* Begin PBXFrameworksBuildPhase section */
		9CE32E0823F4FC0A00A03FFE /* Frameworks */ = {
			isa = PBXFrameworksBuildPhase;
			buildActionMask = 2147483647;
			files = (
			);
			runOnlyForDeploymentPostprocessing = 0;
		};
/* End PBXFrameworksBuildPhase section */

/* Begin PBXGroup section */
		9CE32E0223F4FC0A00A03FFE = {
			isa = PBXGroup;
			children = (
				9CE32E0D23F4FC0A00A03FFE /* B2 */,
				9CE32E0C23F4FC0A00A03FFE /* Products */,
			);
			sourceTree = "<group>";
		};
		9CE32E0C23F4FC0A00A03FFE /* Products */ = {
			isa = PBXGroup;
			children = (
				9CE32E0B23F4FC0A00A03FFE /* B2.app */,
			);
			name = Products;
			sourceTree = "<group>";
		};
		9CE32E0D23F4FC0A00A03FFE /* B2 */ = {
			isa = PBXGroup;
			children = (
				9CE32E0E23F4FC0A00A03FFE /* AppDelegate.swift */,
				9CE32E1023F4FC0A00A03FFE /* SceneDelegate.swift */,
				9CE32E1223F4FC0A00A03FFE /* ViewController.swift */,
				9CE32E1423F4FC0A00A03FFE /* Main.storyboard */,
				9CE32E1723F4FC0C00A03FFE /* Assets.xcassets */,
				9CE32E1923F4FC0C00A03FFE /* LaunchScreen.storyboard */,
				9CE32E1C23F4FC0C00A03FFE /* Info.plist */,
			);
			path = B2;
			sourceTree = "<group>";
		};
/* End PBXGroup section */

/* Begin PBXNativeTarget section */
		9CE32E0A23F4FC0A00A03FFE /* B2 */ = {
			isa = PBXNativeTarget;
			buildConfigurationList = 9CE32E1F23F4FC0C00A03FFE /* Build configuration list for PBXNativeTarget "B2" */;
			buildPhases = (
				9CE32E0723F4FC0A00A03FFE /* Sources */,
				9CE32E0823F4FC0A00A03FFE /* Frameworks */,
				9CE32E0923F4FC0A00A03FFE /* Resources */,
			);
			buildRules = (
			);
			dependencies = (
			);
			name = B2;
			productName = B2;
			productReference = 9CE32E0B23F4FC0A00A03FFE /* B2.app */;
			productType = "com.apple.product-type.application";
		};
/* End PBXNativeTarget section */

/* Begin PBXProject section */
		9CE32E0323F4FC0A00A03FFE /* Project object */ = {
			isa = PBXProject;
			attributes = {
				LastSwiftUpdateCheck = 1130;
				LastUpgradeCheck = 1130;
				ORGANIZATIONNAME = Ong_Lao_Ngao;
				TargetAttributes = {
					9CE32E0A23F4FC0A00A03FFE = {
						CreatedOnToolsVersion = 11.3;
					};
				};
			};
			buildConfigurationList = 9CE32E0623F4FC0A00A03FFE /* Build configuration list for PBXProject "B2" */;
			compatibilityVersion = "Xcode 9.3";
			developmentRegion = en;
			hasScannedForEncodings = 0;
			knownRegions = (
				en,
				Base,
			);
			mainGroup = 9CE32E0223F4FC0A00A03FFE;
			productRefGroup = 9CE32E0C23F4FC0A00A03FFE /* Products */;
			projectDirPath = "";
			projectRoot = "";
			targets = (
				9CE32E0A23F4FC0A00A03FFE /* B2 */,
			);
		};
/* End PBXProject section */

/* Begin PBXResourcesBuildPhase section */
		9CE32E0923F4FC0A00A03FFE /* Resources */ = {
			isa = PBXResourcesBuildPhase;
			buildActionMask = 2147483647;
			files = (
				9CE32E1B23F4FC0C00A03FFE /* LaunchScreen.storyboard in Resources */,
				9CE32E1823F4FC0C00A03FFE /* Assets.xcassets in Resources */,
				9CE32E1623F4FC0A00A03FFE /* Main.storyboard in Resources */,
			);
			runOnlyForDeploymentPostprocessing = 0;
		};
/* End PBXResourcesBuildPhase section */

/* Begin PBXSourcesBuildPhase section */
		9CE32E0723F4FC0A00A03FFE /* Sources */ = {
			isa = PBXSourcesBuildPhase;
			buildActionMask = 2147483647;
			files = (
				9CE32E1323F4FC0A00A03FFE /* ViewController.swift in Sources */,
				9CE32E0F23F4FC0A00A03FFE /* AppDelegate.swift in Sources */,
				9CE32E1123F4FC0A00A03FFE /* SceneDelegate.swift in Sources */,
			);
			runOnlyForDeploymentPostprocessing = 0;
		};
/* End PBXSourcesBuildPhase section */

/* Begin PBXVariantGroup section */
		9CE32E1423F4FC0A00A03FFE /* Main.storyboard */ = {
			isa = PBXVariantGroup;
			children = (
				9CE32E1523F4FC0A00A03FFE /* Base */,
			);
			name = Main.storyboard;
			sourceTree = "<group>";
		};
		9CE32E1923F4FC0C00A03FFE /* LaunchScreen.storyboard */ = {
			isa = PBXVariantGroup;
			children = (
				9CE32E1A23F4FC0C00A03FFE /* Base */,
			);
			name = LaunchScreen.storyboard;
			sourceTree = "<group>";
		};
/* End PBXVariantGroup section */

/* Begin XCBuildConfiguration section */
		9CE32E1D23F4FC0C00A03FFE /* Debug */ = {
			isa = XCBuildConfiguration;
			buildSettings = {
				ALWAYS_SEARCH_USER_PATHS = NO;
				CLANG_ANALYZER_NONNULL = YES;
				CLANG_ANALYZER_NUMBER_OBJECT_CONVERSION = YES_AGGRESSIVE;
				CLANG_CXX_LANGUAGE_STANDARD = "gnu++14";
				CLANG_CXX_LIBRARY = "libc++";
				CLANG_ENABLE_MODULES = YES;
				CLANG_ENABLE_OBJC_ARC = YES;
				CLANG_ENABLE_OBJC_WEAK = YES;
				CLANG_WARN_BLOCK_CAPTURE_AUTORELEASING = YES;
				CLANG_WARN_BOOL_CONVERSION = YES;
				CLANG_WARN_COMMA = YES;
				CLANG_WARN_CONSTANT_CONVERSION = YES;
				CLANG_WARN_DEPRECATED_OBJC_IMPLEMENTATIONS = YES;
				CLANG_WARN_DIRECT_OBJC_ISA_USAGE = YES_ERROR;
				CLANG_WARN_DOCUMENTATION_COMMENTS = YES;
				CLANG_WARN_EMPTY_BODY = YES;
				CLANG_WARN_ENUM_CONVERSION = YES;
				CLANG_WARN_INFINITE_RECURSION = YES;
				CLANG_WARN_INT_CONVERSION = YES;
				CLANG_WARN_NON_LITERAL_NULL_CONVERSION = YES;
				CLANG_WARN_OBJC_IMPLICIT_RETAIN_SELF = YES;
				CLANG_WARN_OBJC_LITERAL_CONVERSION = YES;
				CLANG_WARN_OBJC_ROOT_CLASS = YES_ERROR;
				CLANG_WARN_RANGE_LOOP_ANALYSIS = YES;
				CLANG_WARN_STRICT_PROTOTYPES = YES;
				CLANG_WARN_SUSPICIOUS_MOVE = YES;
				CLANG_WARN_UNGUARDED_AVAILABILITY = YES_AGGRESSIVE;
				CLANG_WARN_UNREACHABLE_CODE = YES;
				CLANG_WARN__DUPLICATE_METHOD_MATCH = YES;
				COPY_PHASE_STRIP = NO;
				DEBUG_INFORMATION_FORMAT = dwarf;
				ENABLE_STRICT_OBJC_MSGSEND = YES;
				ENABLE_TESTABILITY = YES;
				GCC_C_LANGUAGE_STANDARD = gnu11;
				GCC_DYNAMIC_NO_PIC = NO;
				GCC_NO_COMMON_BLOCKS = YES;
				GCC_OPTIMIZATION_LEVEL = 0;
				GCC_PREPROCESSOR_DEFINITIONS = (
					"DEBUG=1",
					"$(inherited)",
				);
				GCC_WARN_64_TO_32_BIT_CONVERSION = YES;
				GCC_WARN_ABOUT_RETURN_TYPE = YES_ERROR;
				GCC_WARN_UNDECLARED_SELECTOR = YES;
				GCC_WARN_UNINITIALIZED_AUTOS = YES_AGGRESSIVE;
				GCC_WARN_UNUSED_FUNCTION = YES;
				GCC_WARN_UNUSED_VARIABLE = YES;
				IPHONEOS_DEPLOYMENT_TARGET = 13.2;
				MTL_ENABLE_DEBUG_INFO = INCLUDE_SOURCE;
				MTL_FAST_MATH = YES;
				ONLY_ACTIVE_ARCH = YES;
				SDKROOT = iphoneos;
				SWIFT_ACTIVE_COMPILATION_CONDITIONS = DEBUG;
				SWIFT_OPTIMIZATION_LEVEL = "-Onone";
			};
			name = Debug;
		};
		9CE32E1E23F4FC0C00A03FFE /* Release */ = {
			isa = XCBuildConfiguration;
			buildSettings = {
				ALWAYS_SEARCH_USER_PATHS = NO;
				CLANG_ANALYZER_NONNULL = YES;
				CLANG_ANALYZER_NUMBER_OBJECT_CONVERSION = YES_AGGRESSIVE;
				CLANG_CXX_LANGUAGE_STANDARD = "gnu++14";
				CLANG_CXX_LIBRARY = "libc++";
				CLANG_ENABLE_MODULES = YES;
				CLANG_ENABLE_OBJC_ARC = YES;
				CLANG_ENABLE_OBJC_WEAK = YES;
				CLANG_WARN_BLOCK_CAPTURE_AUTORELEASING = YES;
				CLANG_WARN_BOOL_CONVERSION = YES;
				CLANG_WARN_COMMA = YES;
				CLANG_WARN_CONSTANT_CONVERSION = YES;
				CLANG_WARN_DEPRECATED_OBJC_IMPLEMENTATIONS = YES;
				CLANG_WARN_DIRECT_OBJC_ISA_USAGE = YES_ERROR;
				CLANG_WARN_DOCUMENTATION_COMMENTS = YES;
				CLANG_WARN_EMPTY_BODY = YES;
				CLANG_WARN_ENUM_CONVERSION = YES;
				CLANG_WARN_INFINITE_RECURSION = YES;
				CLANG_WARN_INT_CONVERSION = YES;
				CLANG_WARN_NON_LITERAL_NULL_CONVERSION = YES;
				CLANG_WARN_OBJC_IMPLICIT_RETAIN_SELF = YES;
				CLANG_WARN_OBJC_LITERAL_CONVERSION = YES;
				CLANG_WARN_OBJC_ROOT_CLASS = YES_ERROR;
				CLANG_WARN_RANGE_LOOP_ANALYSIS = YES;
				CLANG_WARN_STRICT_PROTOTYPES = YES;
				CLANG_WARN_SUSPICIOUS_MOVE = YES;
				CLANG_WARN_UNGUARDED_AVAILABILITY = YES_AGGRESSIVE;
				CLANG_WARN_UNREACHABLE_CODE = YES;
				CLANG_WARN__DUPLICATE_METHOD_MATCH = YES;
				COPY_PHASE_STRIP = NO;
				DEBUG_INFORMATION_FORMAT = "dwarf-with-dsym";
				ENABLE_NS_ASSERTIONS = NO;
				ENABLE_STRICT_OBJC_MSGSEND = YES;
				GCC_C_LANGUAGE_STANDARD = gnu11;
				GCC_NO_COMMON_BLOCKS = YES;
				GCC_WARN_64_TO_32_BIT_CONVERSION = YES;
				GCC_WARN_ABOUT_RETURN_TYPE = YES_ERROR;
				GCC_WARN_UNDECLARED_SELECTOR = YES;
				GCC_WARN_UNINITIALIZED_AUTOS = YES_AGGRESSIVE;
				GCC_WARN_UNUSED_FUNCTION = YES;
				GCC_WARN_UNUSED_VARIABLE = YES;
				IPHONEOS_DEPLOYMENT_TARGET = 13.2;
				MTL_ENABLE_DEBUG_INFO = NO;
				MTL_FAST_MATH = YES;
				SDKROOT = iphoneos;
				SWIFT_COMPILATION_MODE = wholemodule;
				SWIFT_OPTIMIZATION_LEVEL = "-O";
				VALIDATE_PRODUCT = YES;
			};
			name = Release;
		};
		9CE32E2023F4FC0C00A03FFE /* Debug */ = {
			isa = XCBuildConfiguration;
			buildSettings = {
				ASSETCATALOG_COMPILER_APPICON_NAME = AppIcon;
				CODE_SIGN_STYLE = Automatic;
				INFOPLIST_FILE = B2/Info.plist;
				LD_RUNPATH_SEARCH_PATHS = (
					"$(inherited)",
					"@executable_path/Frameworks",
				);
				PRODUCT_BUNDLE_IDENTIFIER = com.huy041299.B2;
				PRODUCT_NAME = "$(TARGET_NAME)";
				SWIFT_VERSION = 5.0;
				TARGETED_DEVICE_FAMILY = "1,2";
			};
			name = Debug;
		};
		9CE32E2123F4FC0C00A03FFE /* Release */ = {
			isa = XCBuildConfiguration;
			buildSettings = {
				ASSETCATALOG_COMPILER_APPICON_NAME = AppIcon;
				CODE_SIGN_STYLE = Automatic;
				INFOPLIST_FILE = B2/Info.plist;
				LD_RUNPATH_SEARCH_PATHS = (
					"$(inherited)",
					"@executable_path/Frameworks",
				);
				PRODUCT_BUNDLE_IDENTIFIER = com.huy041299.B2;
				PRODUCT_NAME = "$(TARGET_NAME)";
				SWIFT_VERSION = 5.0;
				TARGETED_DEVICE_FAMILY = "1,2";
			};
			name = Release;
		};
/* End XCBuildConfiguration section */

/* Begin XCConfigurationList section */
		9CE32E0623F4FC0A00A03FFE /* Build configuration list for PBXProject "B2" */ = {
			isa = XCConfigurationList;
			buildConfigurations = (
				9CE32E1D23F4FC0C00A03FFE /* Debug */,
				9CE32E1E23F4FC0C00A03FFE /* Release */,
			);
			defaultConfigurationIsVisible = 0;
			defaultConfigurationName = Release;
		};
		9CE32E1F23F4FC0C00A03FFE /* Build configuration list for PBXNativeTarget "B2" */ = {
			isa = XCConfigurationList;
			buildConfigurations = (
				9CE32E2023F4FC0C00A03FFE /* Debug */,
				9CE32E2123F4FC0C00A03FFE /* Release */,
			);
			defaultConfigurationIsVisible = 0;
			defaultConfigurationName = Release;
		};
/* End XCConfigurationList section */
	};
	rootObject = 9CE32E0323F4FC0A00A03FFE /* Project object */;
}
