// !$*UTF8*$!
{
	archiveVersion = 1;
	classes = {
	};
	objectVersion = 50;
	objects = {

/* Begin PBXBuildFile section */
		9CFDF249241CCDE30098029C /* AppDelegate.swift in Sources */ = {isa = PBXBuildFile; fileRef = 9CFDF248241CCDE30098029C /* AppDelegate.swift */; };
		9CFDF24B241CCDE30098029C /* SceneDelegate.swift in Sources */ = {isa = PBXBuildFile; fileRef = 9CFDF24A241CCDE30098029C /* SceneDelegate.swift */; };
		9CFDF24D241CCDE30098029C /* ViewController.swift in Sources */ = {isa = PBXBuildFile; fileRef = 9CFDF24C241CCDE30098029C /* ViewController.swift */; };
		9CFDF250241CCDE30098029C /* Main.storyboard in Resources */ = {isa = PBXBuildFile; fileRef = 9CFDF24E241CCDE30098029C /* Main.storyboard */; };
		9CFDF252241CCDE40098029C /* Assets.xcassets in Resources */ = {isa = PBXBuildFile; fileRef = 9CFDF251241CCDE40098029C /* Assets.xcassets */; };
		9CFDF255241CCDE40098029C /* LaunchScreen.storyboard in Resources */ = {isa = PBXBuildFile; fileRef = 9CFDF253241CCDE40098029C /* LaunchScreen.storyboard */; };
		9CFDF261241CCE870098029C /* ViewController01.swift in Sources */ = {isa = PBXBuildFile; fileRef = 9CFDF260241CCE870098029C /* ViewController01.swift */; };
/* End PBXBuildFile section */

/* Begin PBXFileReference section */
		9CFDF245241CCDE30098029C /* Bai1.app */ = {isa = PBXFileReference; explicitFileType = wrapper.application; includeInIndex = 0; path = Bai1.app; sourceTree = BUILT_PRODUCTS_DIR; };
		9CFDF248241CCDE30098029C /* AppDelegate.swift */ = {isa = PBXFileReference; lastKnownFileType = sourcecode.swift; path = AppDelegate.swift; sourceTree = "<group>"; };
		9CFDF24A241CCDE30098029C /* SceneDelegate.swift */ = {isa = PBXFileReference; lastKnownFileType = sourcecode.swift; path = SceneDelegate.swift; sourceTree = "<group>"; };
		9CFDF24C241CCDE30098029C /* ViewController.swift */ = {isa = PBXFileReference; lastKnownFileType = sourcecode.swift; path = ViewController.swift; sourceTree = "<group>"; };
		9CFDF24F241CCDE30098029C /* Base */ = {isa = PBXFileReference; lastKnownFileType = file.storyboard; name = Base; path = Base.lproj/Main.storyboard; sourceTree = "<group>"; };
		9CFDF251241CCDE40098029C /* Assets.xcassets */ = {isa = PBXFileReference; lastKnownFileType = folder.assetcatalog; path = Assets.xcassets; sourceTree = "<group>"; };
		9CFDF254241CCDE40098029C /* Base */ = {isa = PBXFileReference; lastKnownFileType = file.storyboard; name = Base; path = Base.lproj/LaunchScreen.storyboard; sourceTree = "<group>"; };
		9CFDF256241CCDE40098029C /* Info.plist */ = {isa = PBXFileReference; lastKnownFileType = text.plist.xml; path = Info.plist; sourceTree = "<group>"; };
		9CFDF260241CCE870098029C /* ViewController01.swift */ = {isa = PBXFileReference; lastKnownFileType = sourcecode.swift; path = ViewController01.swift; sourceTree = "<group>"; };
/* End PBXFileReference section */

/* Begin PBXFrameworksBuildPhase section */
		9CFDF242241CCDE30098029C /* Frameworks */ = {
			isa = PBXFrameworksBuildPhase;
			buildActionMask = 2147483647;
			files = (
			);
			runOnlyForDeploymentPostprocessing = 0;
		};
/* End PBXFrameworksBuildPhase section */

/* Begin PBXGroup section */
		9CFDF23C241CCDE20098029C = {
			isa = PBXGroup;
			children = (
				9CFDF247241CCDE30098029C /* Bai1 */,
				9CFDF246241CCDE30098029C /* Products */,
			);
			sourceTree = "<group>";
		};
		9CFDF246241CCDE30098029C /* Products */ = {
			isa = PBXGroup;
			children = (
				9CFDF245241CCDE30098029C /* Bai1.app */,
			);
			name = Products;
			sourceTree = "<group>";
		};
		9CFDF247241CCDE30098029C /* Bai1 */ = {
			isa = PBXGroup;
			children = (
				9CFDF25C241CCDFF0098029C /* ViewController */,
				9CFDF248241CCDE30098029C /* AppDelegate.swift */,
				9CFDF24A241CCDE30098029C /* SceneDelegate.swift */,
				9CFDF24C241CCDE30098029C /* ViewController.swift */,
				9CFDF24E241CCDE30098029C /* Main.storyboard */,
				9CFDF251241CCDE40098029C /* Assets.xcassets */,
				9CFDF253241CCDE40098029C /* LaunchScreen.storyboard */,
				9CFDF256241CCDE40098029C /* Info.plist */,
			);
			path = Bai1;
			sourceTree = "<group>";
		};
		9CFDF25C241CCDFF0098029C /* ViewController */ = {
			isa = PBXGroup;
			children = (
				9CFDF260241CCE870098029C /* ViewController01.swift */,
			);
			path = ViewController;
			sourceTree = "<group>";
		};
/* End PBXGroup section */

/* Begin PBXNativeTarget section */
		9CFDF244241CCDE30098029C /* Bai1 */ = {
			isa = PBXNativeTarget;
			buildConfigurationList = 9CFDF259241CCDE40098029C /* Build configuration list for PBXNativeTarget "Bai1" */;
			buildPhases = (
				9CFDF241241CCDE30098029C /* Sources */,
				9CFDF242241CCDE30098029C /* Frameworks */,
				9CFDF243241CCDE30098029C /* Resources */,
			);
			buildRules = (
			);
			dependencies = (
			);
			name = Bai1;
			productName = Bai1;
			productReference = 9CFDF245241CCDE30098029C /* Bai1.app */;
			productType = "com.apple.product-type.application";
		};
/* End PBXNativeTarget section */

/* Begin PBXProject section */
		9CFDF23D241CCDE20098029C /* Project object */ = {
			isa = PBXProject;
			attributes = {
				LastSwiftUpdateCheck = 1130;
				LastUpgradeCheck = 1130;
				ORGANIZATIONNAME = Ong_Lao_Ngao;
				TargetAttributes = {
					9CFDF244241CCDE30098029C = {
						CreatedOnToolsVersion = 11.3;
					};
				};
			};
			buildConfigurationList = 9CFDF240241CCDE20098029C /* Build configuration list for PBXProject "Bai1" */;
			compatibilityVersion = "Xcode 9.3";
			developmentRegion = en;
			hasScannedForEncodings = 0;
			knownRegions = (
				en,
				Base,
			);
			mainGroup = 9CFDF23C241CCDE20098029C;
			productRefGroup = 9CFDF246241CCDE30098029C /* Products */;
			projectDirPath = "";
			projectRoot = "";
			targets = (
				9CFDF244241CCDE30098029C /* Bai1 */,
			);
		};
/* End PBXProject section */

/* Begin PBXResourcesBuildPhase section */
		9CFDF243241CCDE30098029C /* Resources */ = {
			isa = PBXResourcesBuildPhase;
			buildActionMask = 2147483647;
			files = (
				9CFDF255241CCDE40098029C /* LaunchScreen.storyboard in Resources */,
				9CFDF252241CCDE40098029C /* Assets.xcassets in Resources */,
				9CFDF250241CCDE30098029C /* Main.storyboard in Resources */,
			);
			runOnlyForDeploymentPostprocessing = 0;
		};
/* End PBXResourcesBuildPhase section */

/* Begin PBXSourcesBuildPhase section */
		9CFDF241241CCDE30098029C /* Sources */ = {
			isa = PBXSourcesBuildPhase;
			buildActionMask = 2147483647;
			files = (
				9CFDF24D241CCDE30098029C /* ViewController.swift in Sources */,
				9CFDF261241CCE870098029C /* ViewController01.swift in Sources */,
				9CFDF249241CCDE30098029C /* AppDelegate.swift in Sources */,
				9CFDF24B241CCDE30098029C /* SceneDelegate.swift in Sources */,
			);
			runOnlyForDeploymentPostprocessing = 0;
		};
/* End PBXSourcesBuildPhase section */

/* Begin PBXVariantGroup section */
		9CFDF24E241CCDE30098029C /* Main.storyboard */ = {
			isa = PBXVariantGroup;
			children = (
				9CFDF24F241CCDE30098029C /* Base */,
			);
			name = Main.storyboard;
			sourceTree = "<group>";
		};
		9CFDF253241CCDE40098029C /* LaunchScreen.storyboard */ = {
			isa = PBXVariantGroup;
			children = (
				9CFDF254241CCDE40098029C /* Base */,
			);
			name = LaunchScreen.storyboard;
			sourceTree = "<group>";
		};
/* End PBXVariantGroup section */

/* Begin XCBuildConfiguration section */
		9CFDF257241CCDE40098029C /* Debug */ = {
			isa = XCBuildConfiguration;
			buildSettings = {
				ALWAYS_SEARCH_USER_PATHS = NO;
				CLANG_ANALYZER_NONNULL = YES;
				CLANG_ANALYZER_NUMBER_OBJECT_CONVERSION = YES_AGGRESSIVE;
				CLANG_CXX_LANGUAGE_STANDARD = "gnu++14";
				CLANG_CXX_LIBRARY = "libc++";
				CLANG_ENABLE_MODULES = YES;
				CLANG_ENABLE_OBJC_ARC = YES;
				CLANG_ENABLE_OBJC_WEAK = YES;
				CLANG_WARN_BLOCK_CAPTURE_AUTORELEASING = YES;
				CLANG_WARN_BOOL_CONVERSION = YES;
				CLANG_WARN_COMMA = YES;
				CLANG_WARN_CONSTANT_CONVERSION = YES;
				CLANG_WARN_DEPRECATED_OBJC_IMPLEMENTATIONS = YES;
				CLANG_WARN_DIRECT_OBJC_ISA_USAGE = YES_ERROR;
				CLANG_WARN_DOCUMENTATION_COMMENTS = YES;
				CLANG_WARN_EMPTY_BODY = YES;
				CLANG_WARN_ENUM_CONVERSION = YES;
				CLANG_WARN_INFINITE_RECURSION = YES;
				CLANG_WARN_INT_CONVERSION = YES;
				CLANG_WARN_NON_LITERAL_NULL_CONVERSION = YES;
				CLANG_WARN_OBJC_IMPLICIT_RETAIN_SELF = YES;
				CLANG_WARN_OBJC_LITERAL_CONVERSION = YES;
				CLANG_WARN_OBJC_ROOT_CLASS = YES_ERROR;
				CLANG_WARN_RANGE_LOOP_ANALYSIS = YES;
				CLANG_WARN_STRICT_PROTOTYPES = YES;
				CLANG_WARN_SUSPICIOUS_MOVE = YES;
				CLANG_WARN_UNGUARDED_AVAILABILITY = YES_AGGRESSIVE;
				CLANG_WARN_UNREACHABLE_CODE = YES;
				CLANG_WARN__DUPLICATE_METHOD_MATCH = YES;
				COPY_PHASE_STRIP = NO;
				DEBUG_INFORMATION_FORMAT = dwarf;
				ENABLE_STRICT_OBJC_MSGSEND = YES;
				ENABLE_TESTABILITY = YES;
				GCC_C_LANGUAGE_STANDARD = gnu11;
				GCC_DYNAMIC_NO_PIC = NO;
				GCC_NO_COMMON_BLOCKS = YES;
				GCC_OPTIMIZATION_LEVEL = 0;
				GCC_PREPROCESSOR_DEFINITIONS = (
					"DEBUG=1",
					"$(inherited)",
				);
				GCC_WARN_64_TO_32_BIT_CONVERSION = YES;
				GCC_WARN_ABOUT_RETURN_TYPE = YES_ERROR;
				GCC_WARN_UNDECLARED_SELECTOR = YES;
				GCC_WARN_UNINITIALIZED_AUTOS = YES_AGGRESSIVE;
				GCC_WARN_UNUSED_FUNCTION = YES;
				GCC_WARN_UNUSED_VARIABLE = YES;
				IPHONEOS_DEPLOYMENT_TARGET = 13.2;
				MTL_ENABLE_DEBUG_INFO = INCLUDE_SOURCE;
				MTL_FAST_MATH = YES;
				ONLY_ACTIVE_ARCH = YES;
				SDKROOT = iphoneos;
				SWIFT_ACTIVE_COMPILATION_CONDITIONS = DEBUG;
				SWIFT_OPTIMIZATION_LEVEL = "-Onone";
			};
			name = Debug;
		};
		9CFDF258241CCDE40098029C /* Release */ = {
			isa = XCBuildConfiguration;
			buildSettings = {
				ALWAYS_SEARCH_USER_PATHS = NO;
				CLANG_ANALYZER_NONNULL = YES;
				CLANG_ANALYZER_NUMBER_OBJECT_CONVERSION = YES_AGGRESSIVE;
				CLANG_CXX_LANGUAGE_STANDARD = "gnu++14";
				CLANG_CXX_LIBRARY = "libc++";
				CLANG_ENABLE_MODULES = YES;
				CLANG_ENABLE_OBJC_ARC = YES;
				CLANG_ENABLE_OBJC_WEAK = YES;
				CLANG_WARN_BLOCK_CAPTURE_AUTORELEASING = YES;
				CLANG_WARN_BOOL_CONVERSION = YES;
				CLANG_WARN_COMMA = YES;
				CLANG_WARN_CONSTANT_CONVERSION = YES;
				CLANG_WARN_DEPRECATED_OBJC_IMPLEMENTATIONS = YES;
				CLANG_WARN_DIRECT_OBJC_ISA_USAGE = YES_ERROR;
				CLANG_WARN_DOCUMENTATION_COMMENTS = YES;
				CLANG_WARN_EMPTY_BODY = YES;
				CLANG_WARN_ENUM_CONVERSION = YES;
				CLANG_WARN_INFINITE_RECURSION = YES;
				CLANG_WARN_INT_CONVERSION = YES;
				CLANG_WARN_NON_LITERAL_NULL_CONVERSION = YES;
				CLANG_WARN_OBJC_IMPLICIT_RETAIN_SELF = YES;
				CLANG_WARN_OBJC_LITERAL_CONVERSION = YES;
				CLANG_WARN_OBJC_ROOT_CLASS = YES_ERROR;
				CLANG_WARN_RANGE_LOOP_ANALYSIS = YES;
				CLANG_WARN_STRICT_PROTOTYPES = YES;
				CLANG_WARN_SUSPICIOUS_MOVE = YES;
				CLANG_WARN_UNGUARDED_AVAILABILITY = YES_AGGRESSIVE;
				CLANG_WARN_UNREACHABLE_CODE = YES;
				CLANG_WARN__DUPLICATE_METHOD_MATCH = YES;
				COPY_PHASE_STRIP = NO;
				DEBUG_INFORMATION_FORMAT = "dwarf-with-dsym";
				ENABLE_NS_ASSERTIONS = NO;
				ENABLE_STRICT_OBJC_MSGSEND = YES;
				GCC_C_LANGUAGE_STANDARD = gnu11;
				GCC_NO_COMMON_BLOCKS = YES;
				GCC_WARN_64_TO_32_BIT_CONVERSION = YES;
				GCC_WARN_ABOUT_RETURN_TYPE = YES_ERROR;
				GCC_WARN_UNDECLARED_SELECTOR = YES;
				GCC_WARN_UNINITIALIZED_AUTOS = YES_AGGRESSIVE;
				GCC_WARN_UNUSED_FUNCTION = YES;
				GCC_WARN_UNUSED_VARIABLE = YES;
				IPHONEOS_DEPLOYMENT_TARGET = 13.2;
				MTL_ENABLE_DEBUG_INFO = NO;
				MTL_FAST_MATH = YES;
				SDKROOT = iphoneos;
				SWIFT_COMPILATION_MODE = wholemodule;
				SWIFT_OPTIMIZATION_LEVEL = "-O";
				VALIDATE_PRODUCT = YES;
			};
			name = Release;
		};
		9CFDF25A241CCDE40098029C /* Debug */ = {
			isa = XCBuildConfiguration;
			buildSettings = {
				ASSETCATALOG_COMPILER_APPICON_NAME = AppIcon;
				CODE_SIGN_STYLE = Automatic;
				INFOPLIST_FILE = Bai1/Info.plist;
				LD_RUNPATH_SEARCH_PATHS = (
					"$(inherited)",
					"@executable_path/Frameworks",
				);
				PRODUCT_BUNDLE_IDENTIFIER = com.huy041299.Bai1;
				PRODUCT_NAME = "$(TARGET_NAME)";
				SWIFT_VERSION = 5.0;
				TARGETED_DEVICE_FAMILY = "1,2";
			};
			name = Debug;
		};
		9CFDF25B241CCDE40098029C /* Release */ = {
			isa = XCBuildConfiguration;
			buildSettings = {
				ASSETCATALOG_COMPILER_APPICON_NAME = AppIcon;
				CODE_SIGN_STYLE = Automatic;
				INFOPLIST_FILE = Bai1/Info.plist;
				LD_RUNPATH_SEARCH_PATHS = (
					"$(inherited)",
					"@executable_path/Frameworks",
				);
				PRODUCT_BUNDLE_IDENTIFIER = com.huy041299.Bai1;
				PRODUCT_NAME = "$(TARGET_NAME)";
				SWIFT_VERSION = 5.0;
				TARGETED_DEVICE_FAMILY = "1,2";
			};
			name = Release;
		};
/* End XCBuildConfiguration section */

/* Begin XCConfigurationList section */
		9CFDF240241CCDE20098029C /* Build configuration list for PBXProject "Bai1" */ = {
			isa = XCConfigurationList;
			buildConfigurations = (
				9CFDF257241CCDE40098029C /* Debug */,
				9CFDF258241CCDE40098029C /* Release */,
			);
			defaultConfigurationIsVisible = 0;
			defaultConfigurationName = Release;
		};
		9CFDF259241CCDE40098029C /* Build configuration list for PBXNativeTarget "Bai1" */ = {
			isa = XCConfigurationList;
			buildConfigurations = (
				9CFDF25A241CCDE40098029C /* Debug */,
				9CFDF25B241CCDE40098029C /* Release */,
			);
			defaultConfigurationIsVisible = 0;
			defaultConfigurationName = Release;
		};
/* End XCConfigurationList section */
	};
	rootObject = 9CFDF23D241CCDE20098029C /* Project object */;
}
