// !$*UTF8*$!
{
	archiveVersion = 1;
	classes = {
	};
	objectVersion = 50;
	objects = {

/* Begin PBXBuildFile section */
		9C44F0AA23BB92D000E69118 /* main.swift in Sources */ = {isa = PBXBuildFile; fileRef = 9C44F0A923BB92D000E69118 /* main.swift */; };
		9C44F0B123BB935100E69118 /* B1.swift in Sources */ = {isa = PBXBuildFile; fileRef = 9C44F0B023BB935100E69118 /* B1.swift */; };
		9C44F0B323BB9CE200E69118 /* B2.swift in Sources */ = {isa = PBXBuildFile; fileRef = 9C44F0B223BB9CE200E69118 /* B2.swift */; };
		9C44F0B523BB9FAC00E69118 /* B3.swift in Sources */ = {isa = PBXBuildFile; fileRef = 9C44F0B423BB9FAC00E69118 /* B3.swift */; };
		9C4689D423BBB47600DF2D17 /* B4.swift in Sources */ = {isa = PBXBuildFile; fileRef = 9C4689D323BBB47600DF2D17 /* B4.swift */; };
		9C4689D623BBC5AB00DF2D17 /* B5.swift in Sources */ = {isa = PBXBuildFile; fileRef = 9C4689D523BBC5AB00DF2D17 /* B5.swift */; };
/* End PBXBuildFile section */

/* Begin PBXCopyFilesBuildPhase section */
		9C44F0A423BB92D000E69118 /* CopyFiles */ = {
			isa = PBXCopyFilesBuildPhase;
			buildActionMask = 2147483647;
			dstPath = /usr/share/man/man1/;
			dstSubfolderSpec = 0;
			files = (
			);
			runOnlyForDeploymentPostprocessing = 1;
		};
/* End PBXCopyFilesBuildPhase section */

/* Begin PBXFileReference section */
		9C44F0A623BB92D000E69118 /* BT_Mang */ = {isa = PBXFileReference; explicitFileType = "compiled.mach-o.executable"; includeInIndex = 0; path = BT_Mang; sourceTree = BUILT_PRODUCTS_DIR; };
		9C44F0A923BB92D000E69118 /* main.swift */ = {isa = PBXFileReference; lastKnownFileType = sourcecode.swift; path = main.swift; sourceTree = "<group>"; };
		9C44F0B023BB935100E69118 /* B1.swift */ = {isa = PBXFileReference; lastKnownFileType = sourcecode.swift; path = B1.swift; sourceTree = "<group>"; };
		9C44F0B223BB9CE200E69118 /* B2.swift */ = {isa = PBXFileReference; lastKnownFileType = sourcecode.swift; path = B2.swift; sourceTree = "<group>"; };
		9C44F0B423BB9FAC00E69118 /* B3.swift */ = {isa = PBXFileReference; lastKnownFileType = sourcecode.swift; path = B3.swift; sourceTree = "<group>"; };
		9C4689D323BBB47600DF2D17 /* B4.swift */ = {isa = PBXFileReference; lastKnownFileType = sourcecode.swift; path = B4.swift; sourceTree = "<group>"; };
		9C4689D523BBC5AB00DF2D17 /* B5.swift */ = {isa = PBXFileReference; lastKnownFileType = sourcecode.swift; path = B5.swift; sourceTree = "<group>"; };
/* End PBXFileReference section */

/* Begin PBXFrameworksBuildPhase section */
		9C44F0A323BB92D000E69118 /* Frameworks */ = {
			isa = PBXFrameworksBuildPhase;
			buildActionMask = 2147483647;
			files = (
			);
			runOnlyForDeploymentPostprocessing = 0;
		};
/* End PBXFrameworksBuildPhase section */

/* Begin PBXGroup section */
		9C44F09D23BB92CF00E69118 = {
			isa = PBXGroup;
			children = (
				9C44F0A823BB92D000E69118 /* BT_Mang */,
				9C44F0A723BB92D000E69118 /* Products */,
			);
			sourceTree = "<group>";
		};
		9C44F0A723BB92D000E69118 /* Products */ = {
			isa = PBXGroup;
			children = (
				9C44F0A623BB92D000E69118 /* BT_Mang */,
			);
			name = Products;
			sourceTree = "<group>";
		};
		9C44F0A823BB92D000E69118 /* BT_Mang */ = {
			isa = PBXGroup;
			children = (
				9C44F0A923BB92D000E69118 /* main.swift */,
				9C44F0B023BB935100E69118 /* B1.swift */,
				9C44F0B223BB9CE200E69118 /* B2.swift */,
				9C44F0B423BB9FAC00E69118 /* B3.swift */,
				9C4689D323BBB47600DF2D17 /* B4.swift */,
				9C4689D523BBC5AB00DF2D17 /* B5.swift */,
			);
			path = BT_Mang;
			sourceTree = "<group>";
		};
/* End PBXGroup section */

/* Begin PBXNativeTarget section */
		9C44F0A523BB92D000E69118 /* BT_Mang */ = {
			isa = PBXNativeTarget;
			buildConfigurationList = 9C44F0AD23BB92D000E69118 /* Build configuration list for PBXNativeTarget "BT_Mang" */;
			buildPhases = (
				9C44F0A223BB92D000E69118 /* Sources */,
				9C44F0A323BB92D000E69118 /* Frameworks */,
				9C44F0A423BB92D000E69118 /* CopyFiles */,
			);
			buildRules = (
			);
			dependencies = (
			);
			name = BT_Mang;
			productName = BT_Mang;
			productReference = 9C44F0A623BB92D000E69118 /* BT_Mang */;
			productType = "com.apple.product-type.tool";
		};
/* End PBXNativeTarget section */

/* Begin PBXProject section */
		9C44F09E23BB92CF00E69118 /* Project object */ = {
			isa = PBXProject;
			attributes = {
				LastSwiftUpdateCheck = 1130;
				LastUpgradeCheck = 1130;
				ORGANIZATIONNAME = Ong_Lao_Ngao;
				TargetAttributes = {
					9C44F0A523BB92D000E69118 = {
						CreatedOnToolsVersion = 11.3;
					};
				};
			};
			buildConfigurationList = 9C44F0A123BB92CF00E69118 /* Build configuration list for PBXProject "BT_Mang" */;
			compatibilityVersion = "Xcode 9.3";
			developmentRegion = en;
			hasScannedForEncodings = 0;
			knownRegions = (
				en,
				Base,
			);
			mainGroup = 9C44F09D23BB92CF00E69118;
			productRefGroup = 9C44F0A723BB92D000E69118 /* Products */;
			projectDirPath = "";
			projectRoot = "";
			targets = (
				9C44F0A523BB92D000E69118 /* BT_Mang */,
			);
		};
/* End PBXProject section */

/* Begin PBXSourcesBuildPhase section */
		9C44F0A223BB92D000E69118 /* Sources */ = {
			isa = PBXSourcesBuildPhase;
			buildActionMask = 2147483647;
			files = (
				9C44F0B523BB9FAC00E69118 /* B3.swift in Sources */,
				9C44F0B123BB935100E69118 /* B1.swift in Sources */,
				9C4689D623BBC5AB00DF2D17 /* B5.swift in Sources */,
				9C44F0AA23BB92D000E69118 /* main.swift in Sources */,
				9C4689D423BBB47600DF2D17 /* B4.swift in Sources */,
				9C44F0B323BB9CE200E69118 /* B2.swift in Sources */,
			);
			runOnlyForDeploymentPostprocessing = 0;
		};
/* End PBXSourcesBuildPhase section */

/* Begin XCBuildConfiguration section */
		9C44F0AB23BB92D000E69118 /* Debug */ = {
			isa = XCBuildConfiguration;
			buildSettings = {
				ALWAYS_SEARCH_USER_PATHS = NO;
				CLANG_ANALYZER_NONNULL = YES;
				CLANG_ANALYZER_NUMBER_OBJECT_CONVERSION = YES_AGGRESSIVE;
				CLANG_CXX_LANGUAGE_STANDARD = "gnu++14";
				CLANG_CXX_LIBRARY = "libc++";
				CLANG_ENABLE_MODULES = YES;
				CLANG_ENABLE_OBJC_ARC = YES;
				CLANG_ENABLE_OBJC_WEAK = YES;
				CLANG_WARN_BLOCK_CAPTURE_AUTORELEASING = YES;
				CLANG_WARN_BOOL_CONVERSION = YES;
				CLANG_WARN_COMMA = YES;
				CLANG_WARN_CONSTANT_CONVERSION = YES;
				CLANG_WARN_DEPRECATED_OBJC_IMPLEMENTATIONS = YES;
				CLANG_WARN_DIRECT_OBJC_ISA_USAGE = YES_ERROR;
				CLANG_WARN_DOCUMENTATION_COMMENTS = YES;
				CLANG_WARN_EMPTY_BODY = YES;
				CLANG_WARN_ENUM_CONVERSION = YES;
				CLANG_WARN_INFINITE_RECURSION = YES;
				CLANG_WARN_INT_CONVERSION = YES;
				CLANG_WARN_NON_LITERAL_NULL_CONVERSION = YES;
				CLANG_WARN_OBJC_IMPLICIT_RETAIN_SELF = YES;
				CLANG_WARN_OBJC_LITERAL_CONVERSION = YES;
				CLANG_WARN_OBJC_ROOT_CLASS = YES_ERROR;
				CLANG_WARN_RANGE_LOOP_ANALYSIS = YES;
				CLANG_WARN_STRICT_PROTOTYPES = YES;
				CLANG_WARN_SUSPICIOUS_MOVE = YES;
				CLANG_WARN_UNGUARDED_AVAILABILITY = YES_AGGRESSIVE;
				CLANG_WARN_UNREACHABLE_CODE = YES;
				CLANG_WARN__DUPLICATE_METHOD_MATCH = YES;
				COPY_PHASE_STRIP = NO;
				DEBUG_INFORMATION_FORMAT = dwarf;
				ENABLE_STRICT_OBJC_MSGSEND = YES;
				ENABLE_TESTABILITY = YES;
				GCC_C_LANGUAGE_STANDARD = gnu11;
				GCC_DYNAMIC_NO_PIC = NO;
				GCC_NO_COMMON_BLOCKS = YES;
				GCC_OPTIMIZATION_LEVEL = 0;
				GCC_PREPROCESSOR_DEFINITIONS = (
					"DEBUG=1",
					"$(inherited)",
				);
				GCC_WARN_64_TO_32_BIT_CONVERSION = YES;
				GCC_WARN_ABOUT_RETURN_TYPE = YES_ERROR;
				GCC_WARN_UNDECLARED_SELECTOR = YES;
				GCC_WARN_UNINITIALIZED_AUTOS = YES_AGGRESSIVE;
				GCC_WARN_UNUSED_FUNCTION = YES;
				GCC_WARN_UNUSED_VARIABLE = YES;
				MACOSX_DEPLOYMENT_TARGET = 10.15;
				MTL_ENABLE_DEBUG_INFO = INCLUDE_SOURCE;
				MTL_FAST_MATH = YES;
				ONLY_ACTIVE_ARCH = YES;
				SDKROOT = macosx;
				SWIFT_ACTIVE_COMPILATION_CONDITIONS = DEBUG;
				SWIFT_OPTIMIZATION_LEVEL = "-Onone";
			};
			name = Debug;
		};
		9C44F0AC23BB92D000E69118 /* Release */ = {
			isa = XCBuildConfiguration;
			buildSettings = {
				ALWAYS_SEARCH_USER_PATHS = NO;
				CLANG_ANALYZER_NONNULL = YES;
				CLANG_ANALYZER_NUMBER_OBJECT_CONVERSION = YES_AGGRESSIVE;
				CLANG_CXX_LANGUAGE_STANDARD = "gnu++14";
				CLANG_CXX_LIBRARY = "libc++";
				CLANG_ENABLE_MODULES = YES;
				CLANG_ENABLE_OBJC_ARC = YES;
				CLANG_ENABLE_OBJC_WEAK = YES;
				CLANG_WARN_BLOCK_CAPTURE_AUTORELEASING = YES;
				CLANG_WARN_BOOL_CONVERSION = YES;
				CLANG_WARN_COMMA = YES;
				CLANG_WARN_CONSTANT_CONVERSION = YES;
				CLANG_WARN_DEPRECATED_OBJC_IMPLEMENTATIONS = YES;
				CLANG_WARN_DIRECT_OBJC_ISA_USAGE = YES_ERROR;
				CLANG_WARN_DOCUMENTATION_COMMENTS = YES;
				CLANG_WARN_EMPTY_BODY = YES;
				CLANG_WARN_ENUM_CONVERSION = YES;
				CLANG_WARN_INFINITE_RECURSION = YES;
				CLANG_WARN_INT_CONVERSION = YES;
				CLANG_WARN_NON_LITERAL_NULL_CONVERSION = YES;
				CLANG_WARN_OBJC_IMPLICIT_RETAIN_SELF = YES;
				CLANG_WARN_OBJC_LITERAL_CONVERSION = YES;
				CLANG_WARN_OBJC_ROOT_CLASS = YES_ERROR;
				CLANG_WARN_RANGE_LOOP_ANALYSIS = YES;
				CLANG_WARN_STRICT_PROTOTYPES = YES;
				CLANG_WARN_SUSPICIOUS_MOVE = YES;
				CLANG_WARN_UNGUARDED_AVAILABILITY = YES_AGGRESSIVE;
				CLANG_WARN_UNREACHABLE_CODE = YES;
				CLANG_WARN__DUPLICATE_METHOD_MATCH = YES;
				COPY_PHASE_STRIP = NO;
				DEBUG_INFORMATION_FORMAT = "dwarf-with-dsym";
				ENABLE_NS_ASSERTIONS = NO;
				ENABLE_STRICT_OBJC_MSGSEND = YES;
				GCC_C_LANGUAGE_STANDARD = gnu11;
				GCC_NO_COMMON_BLOCKS = YES;
				GCC_WARN_64_TO_32_BIT_CONVERSION = YES;
				GCC_WARN_ABOUT_RETURN_TYPE = YES_ERROR;
				GCC_WARN_UNDECLARED_SELECTOR = YES;
				GCC_WARN_UNINITIALIZED_AUTOS = YES_AGGRESSIVE;
				GCC_WARN_UNUSED_FUNCTION = YES;
				GCC_WARN_UNUSED_VARIABLE = YES;
				MACOSX_DEPLOYMENT_TARGET = 10.15;
				MTL_ENABLE_DEBUG_INFO = NO;
				MTL_FAST_MATH = YES;
				SDKROOT = macosx;
				SWIFT_COMPILATION_MODE = wholemodule;
				SWIFT_OPTIMIZATION_LEVEL = "-O";
			};
			name = Release;
		};
		9C44F0AE23BB92D000E69118 /* Debug */ = {
			isa = XCBuildConfiguration;
			buildSettings = {
				CODE_SIGN_STYLE = Automatic;
				PRODUCT_NAME = "$(TARGET_NAME)";
				SWIFT_VERSION = 5.0;
			};
			name = Debug;
		};
		9C44F0AF23BB92D000E69118 /* Release */ = {
			isa = XCBuildConfiguration;
			buildSettings = {
				CODE_SIGN_STYLE = Automatic;
				PRODUCT_NAME = "$(TARGET_NAME)";
				SWIFT_VERSION = 5.0;
			};
			name = Release;
		};
/* End XCBuildConfiguration section */

/* Begin XCConfigurationList section */
		9C44F0A123BB92CF00E69118 /* Build configuration list for PBXProject "BT_Mang" */ = {
			isa = XCConfigurationList;
			buildConfigurations = (
				9C44F0AB23BB92D000E69118 /* Debug */,
				9C44F0AC23BB92D000E69118 /* Release */,
			);
			defaultConfigurationIsVisible = 0;
			defaultConfigurationName = Release;
		};
		9C44F0AD23BB92D000E69118 /* Build configuration list for PBXNativeTarget "BT_Mang" */ = {
			isa = XCConfigurationList;
			buildConfigurations = (
				9C44F0AE23BB92D000E69118 /* Debug */,
				9C44F0AF23BB92D000E69118 /* Release */,
			);
			defaultConfigurationIsVisible = 0;
			defaultConfigurationName = Release;
		};
/* End XCConfigurationList section */
	};
	rootObject = 9C44F09E23BB92CF00E69118 /* Project object */;
}
