// !$*UTF8*$!
{
	archiveVersion = 1;
	classes = {
	};
	objectVersion = 50;
	objects = {

/* Begin PBXBuildFile section */
		9C323F4623ECFB6A0078FCB9 /* AppDelegate.swift in Sources */ = {isa = PBXBuildFile; fileRef = 9C323F4523ECFB6A0078FCB9 /* AppDelegate.swift */; };
		9C323F4823ECFB6A0078FCB9 /* SceneDelegate.swift in Sources */ = {isa = PBXBuildFile; fileRef = 9C323F4723ECFB6A0078FCB9 /* SceneDelegate.swift */; };
		9C323F4A23ECFB6A0078FCB9 /* ViewController.swift in Sources */ = {isa = PBXBuildFile; fileRef = 9C323F4923ECFB6A0078FCB9 /* ViewController.swift */; };
		9C323F4D23ECFB6A0078FCB9 /* Main.storyboard in Resources */ = {isa = PBXBuildFile; fileRef = 9C323F4B23ECFB6A0078FCB9 /* Main.storyboard */; };
		9C323F4F23ECFB6D0078FCB9 /* Assets.xcassets in Resources */ = {isa = PBXBuildFile; fileRef = 9C323F4E23ECFB6D0078FCB9 /* Assets.xcassets */; };
		9C323F5223ECFB6D0078FCB9 /* LaunchScreen.storyboard in Resources */ = {isa = PBXBuildFile; fileRef = 9C323F5023ECFB6D0078FCB9 /* LaunchScreen.storyboard */; };
/* End PBXBuildFile section */

/* Begin PBXFileReference section */
		9C323F4223ECFB6A0078FCB9 /* Dong_Ho_Dien_Tu.app */ = {isa = PBXFileReference; explicitFileType = wrapper.application; includeInIndex = 0; path = Dong_Ho_Dien_Tu.app; sourceTree = BUILT_PRODUCTS_DIR; };
		9C323F4523ECFB6A0078FCB9 /* AppDelegate.swift */ = {isa = PBXFileReference; lastKnownFileType = sourcecode.swift; path = AppDelegate.swift; sourceTree = "<group>"; };
		9C323F4723ECFB6A0078FCB9 /* SceneDelegate.swift */ = {isa = PBXFileReference; lastKnownFileType = sourcecode.swift; path = SceneDelegate.swift; sourceTree = "<group>"; };
		9C323F4923ECFB6A0078FCB9 /* ViewController.swift */ = {isa = PBXFileReference; lastKnownFileType = sourcecode.swift; path = ViewController.swift; sourceTree = "<group>"; };
		9C323F4C23ECFB6A0078FCB9 /* Base */ = {isa = PBXFileReference; lastKnownFileType = file.storyboard; name = Base; path = Base.lproj/Main.storyboard; sourceTree = "<group>"; };
		9C323F4E23ECFB6D0078FCB9 /* Assets.xcassets */ = {isa = PBXFileReference; lastKnownFileType = folder.assetcatalog; path = Assets.xcassets; sourceTree = "<group>"; };
		9C323F5123ECFB6D0078FCB9 /* Base */ = {isa = PBXFileReference; lastKnownFileType = file.storyboard; name = Base; path = Base.lproj/LaunchScreen.storyboard; sourceTree = "<group>"; };
		9C323F5323ECFB6D0078FCB9 /* Info.plist */ = {isa = PBXFileReference; lastKnownFileType = text.plist.xml; path = Info.plist; sourceTree = "<group>"; };
/* End PBXFileReference section */

/* Begin PBXFrameworksBuildPhase section */
		9C323F3F23ECFB6A0078FCB9 /* Frameworks */ = {
			isa = PBXFrameworksBuildPhase;
			buildActionMask = 2147483647;
			files = (
			);
			runOnlyForDeploymentPostprocessing = 0;
		};
/* End PBXFrameworksBuildPhase section */

/* Begin PBXGroup section */
		9C323F3923ECFB6A0078FCB9 = {
			isa = PBXGroup;
			children = (
				9C323F4423ECFB6A0078FCB9 /* Dong_Ho_Dien_Tu */,
				9C323F4323ECFB6A0078FCB9 /* Products */,
			);
			sourceTree = "<group>";
		};
		9C323F4323ECFB6A0078FCB9 /* Products */ = {
			isa = PBXGroup;
			children = (
				9C323F4223ECFB6A0078FCB9 /* Dong_Ho_Dien_Tu.app */,
			);
			name = Products;
			sourceTree = "<group>";
		};
		9C323F4423ECFB6A0078FCB9 /* Dong_Ho_Dien_Tu */ = {
			isa = PBXGroup;
			children = (
				9C323F4523ECFB6A0078FCB9 /* AppDelegate.swift */,
				9C323F4723ECFB6A0078FCB9 /* SceneDelegate.swift */,
				9C323F4923ECFB6A0078FCB9 /* ViewController.swift */,
				9C323F4B23ECFB6A0078FCB9 /* Main.storyboard */,
				9C323F4E23ECFB6D0078FCB9 /* Assets.xcassets */,
				9C323F5023ECFB6D0078FCB9 /* LaunchScreen.storyboard */,
				9C323F5323ECFB6D0078FCB9 /* Info.plist */,
			);
			path = Dong_Ho_Dien_Tu;
			sourceTree = "<group>";
		};
/* End PBXGroup section */

/* Begin PBXNativeTarget section */
		9C323F4123ECFB6A0078FCB9 /* Dong_Ho_Dien_Tu */ = {
			isa = PBXNativeTarget;
			buildConfigurationList = 9C323F5623ECFB6D0078FCB9 /* Build configuration list for PBXNativeTarget "Dong_Ho_Dien_Tu" */;
			buildPhases = (
				9C323F3E23ECFB6A0078FCB9 /* Sources */,
				9C323F3F23ECFB6A0078FCB9 /* Frameworks */,
				9C323F4023ECFB6A0078FCB9 /* Resources */,
			);
			buildRules = (
			);
			dependencies = (
			);
			name = Dong_Ho_Dien_Tu;
			productName = Dong_Ho_Dien_Tu;
			productReference = 9C323F4223ECFB6A0078FCB9 /* Dong_Ho_Dien_Tu.app */;
			productType = "com.apple.product-type.application";
		};
/* End PBXNativeTarget section */

/* Begin PBXProject section */
		9C323F3A23ECFB6A0078FCB9 /* Project object */ = {
			isa = PBXProject;
			attributes = {
				LastSwiftUpdateCheck = 1130;
				LastUpgradeCheck = 1130;
				ORGANIZATIONNAME = Ong_Lao_Ngao;
				TargetAttributes = {
					9C323F4123ECFB6A0078FCB9 = {
						CreatedOnToolsVersion = 11.3;
					};
				};
			};
			buildConfigurationList = 9C323F3D23ECFB6A0078FCB9 /* Build configuration list for PBXProject "Dong_Ho_Dien_Tu" */;
			compatibilityVersion = "Xcode 9.3";
			developmentRegion = en;
			hasScannedForEncodings = 0;
			knownRegions = (
				en,
				Base,
			);
			mainGroup = 9C323F3923ECFB6A0078FCB9;
			productRefGroup = 9C323F4323ECFB6A0078FCB9 /* Products */;
			projectDirPath = "";
			projectRoot = "";
			targets = (
				9C323F4123ECFB6A0078FCB9 /* Dong_Ho_Dien_Tu */,
			);
		};
/* End PBXProject section */

/* Begin PBXResourcesBuildPhase section */
		9C323F4023ECFB6A0078FCB9 /* Resources */ = {
			isa = PBXResourcesBuildPhase;
			buildActionMask = 2147483647;
			files = (
				9C323F5223ECFB6D0078FCB9 /* LaunchScreen.storyboard in Resources */,
				9C323F4F23ECFB6D0078FCB9 /* Assets.xcassets in Resources */,
				9C323F4D23ECFB6A0078FCB9 /* Main.storyboard in Resources */,
			);
			runOnlyForDeploymentPostprocessing = 0;
		};
/* End PBXResourcesBuildPhase section */

/* Begin PBXSourcesBuildPhase section */
		9C323F3E23ECFB6A0078FCB9 /* Sources */ = {
			isa = PBXSourcesBuildPhase;
			buildActionMask = 2147483647;
			files = (
				9C323F4A23ECFB6A0078FCB9 /* ViewController.swift in Sources */,
				9C323F4623ECFB6A0078FCB9 /* AppDelegate.swift in Sources */,
				9C323F4823ECFB6A0078FCB9 /* SceneDelegate.swift in Sources */,
			);
			runOnlyForDeploymentPostprocessing = 0;
		};
/* End PBXSourcesBuildPhase section */

/* Begin PBXVariantGroup section */
		9C323F4B23ECFB6A0078FCB9 /* Main.storyboard */ = {
			isa = PBXVariantGroup;
			children = (
				9C323F4C23ECFB6A0078FCB9 /* Base */,
			);
			name = Main.storyboard;
			sourceTree = "<group>";
		};
		9C323F5023ECFB6D0078FCB9 /* LaunchScreen.storyboard */ = {
			isa = PBXVariantGroup;
			children = (
				9C323F5123ECFB6D0078FCB9 /* Base */,
			);
			name = LaunchScreen.storyboard;
			sourceTree = "<group>";
		};
/* End PBXVariantGroup section */

/* Begin XCBuildConfiguration section */
		9C323F5423ECFB6D0078FCB9 /* Debug */ = {
			isa = XCBuildConfiguration;
			buildSettings = {
				ALWAYS_SEARCH_USER_PATHS = NO;
				CLANG_ANALYZER_NONNULL = YES;
				CLANG_ANALYZER_NUMBER_OBJECT_CONVERSION = YES_AGGRESSIVE;
				CLANG_CXX_LANGUAGE_STANDARD = "gnu++14";
				CLANG_CXX_LIBRARY = "libc++";
				CLANG_ENABLE_MODULES = YES;
				CLANG_ENABLE_OBJC_ARC = YES;
				CLANG_ENABLE_OBJC_WEAK = YES;
				CLANG_WARN_BLOCK_CAPTURE_AUTORELEASING = YES;
				CLANG_WARN_BOOL_CONVERSION = YES;
				CLANG_WARN_COMMA = YES;
				CLANG_WARN_CONSTANT_CONVERSION = YES;
				CLANG_WARN_DEPRECATED_OBJC_IMPLEMENTATIONS = YES;
				CLANG_WARN_DIRECT_OBJC_ISA_USAGE = YES_ERROR;
				CLANG_WARN_DOCUMENTATION_COMMENTS = YES;
				CLANG_WARN_EMPTY_BODY = YES;
				CLANG_WARN_ENUM_CONVERSION = YES;
				CLANG_WARN_INFINITE_RECURSION = YES;
				CLANG_WARN_INT_CONVERSION = YES;
				CLANG_WARN_NON_LITERAL_NULL_CONVERSION = YES;
				CLANG_WARN_OBJC_IMPLICIT_RETAIN_SELF = YES;
				CLANG_WARN_OBJC_LITERAL_CONVERSION = YES;
				CLANG_WARN_OBJC_ROOT_CLASS = YES_ERROR;
				CLANG_WARN_RANGE_LOOP_ANALYSIS = YES;
				CLANG_WARN_STRICT_PROTOTYPES = YES;
				CLANG_WARN_SUSPICIOUS_MOVE = YES;
				CLANG_WARN_UNGUARDED_AVAILABILITY = YES_AGGRESSIVE;
				CLANG_WARN_UNREACHABLE_CODE = YES;
				CLANG_WARN__DUPLICATE_METHOD_MATCH = YES;
				COPY_PHASE_STRIP = NO;
				DEBUG_INFORMATION_FORMAT = dwarf;
				ENABLE_STRICT_OBJC_MSGSEND = YES;
				ENABLE_TESTABILITY = YES;
				GCC_C_LANGUAGE_STANDARD = gnu11;
				GCC_DYNAMIC_NO_PIC = NO;
				GCC_NO_COMMON_BLOCKS = YES;
				GCC_OPTIMIZATION_LEVEL = 0;
				GCC_PREPROCESSOR_DEFINITIONS = (
					"DEBUG=1",
					"$(inherited)",
				);
				GCC_WARN_64_TO_32_BIT_CONVERSION = YES;
				GCC_WARN_ABOUT_RETURN_TYPE = YES_ERROR;
				GCC_WARN_UNDECLARED_SELECTOR = YES;
				GCC_WARN_UNINITIALIZED_AUTOS = YES_AGGRESSIVE;
				GCC_WARN_UNUSED_FUNCTION = YES;
				GCC_WARN_UNUSED_VARIABLE = YES;
				IPHONEOS_DEPLOYMENT_TARGET = 13.2;
				MTL_ENABLE_DEBUG_INFO = INCLUDE_SOURCE;
				MTL_FAST_MATH = YES;
				ONLY_ACTIVE_ARCH = YES;
				SDKROOT = iphoneos;
				SWIFT_ACTIVE_COMPILATION_CONDITIONS = DEBUG;
				SWIFT_OPTIMIZATION_LEVEL = "-Onone";
			};
			name = Debug;
		};
		9C323F5523ECFB6D0078FCB9 /* Release */ = {
			isa = XCBuildConfiguration;
			buildSettings = {
				ALWAYS_SEARCH_USER_PATHS = NO;
				CLANG_ANALYZER_NONNULL = YES;
				CLANG_ANALYZER_NUMBER_OBJECT_CONVERSION = YES_AGGRESSIVE;
				CLANG_CXX_LANGUAGE_STANDARD = "gnu++14";
				CLANG_CXX_LIBRARY = "libc++";
				CLANG_ENABLE_MODULES = YES;
				CLANG_ENABLE_OBJC_ARC = YES;
				CLANG_ENABLE_OBJC_WEAK = YES;
				CLANG_WARN_BLOCK_CAPTURE_AUTORELEASING = YES;
				CLANG_WARN_BOOL_CONVERSION = YES;
				CLANG_WARN_COMMA = YES;
				CLANG_WARN_CONSTANT_CONVERSION = YES;
				CLANG_WARN_DEPRECATED_OBJC_IMPLEMENTATIONS = YES;
				CLANG_WARN_DIRECT_OBJC_ISA_USAGE = YES_ERROR;
				CLANG_WARN_DOCUMENTATION_COMMENTS = YES;
				CLANG_WARN_EMPTY_BODY = YES;
				CLANG_WARN_ENUM_CONVERSION = YES;
				CLANG_WARN_INFINITE_RECURSION = YES;
				CLANG_WARN_INT_CONVERSION = YES;
				CLANG_WARN_NON_LITERAL_NULL_CONVERSION = YES;
				CLANG_WARN_OBJC_IMPLICIT_RETAIN_SELF = YES;
				CLANG_WARN_OBJC_LITERAL_CONVERSION = YES;
				CLANG_WARN_OBJC_ROOT_CLASS = YES_ERROR;
				CLANG_WARN_RANGE_LOOP_ANALYSIS = YES;
				CLANG_WARN_STRICT_PROTOTYPES = YES;
				CLANG_WARN_SUSPICIOUS_MOVE = YES;
				CLANG_WARN_UNGUARDED_AVAILABILITY = YES_AGGRESSIVE;
				CLANG_WARN_UNREACHABLE_CODE = YES;
				CLANG_WARN__DUPLICATE_METHOD_MATCH = YES;
				COPY_PHASE_STRIP = NO;
				DEBUG_INFORMATION_FORMAT = "dwarf-with-dsym";
				ENABLE_NS_ASSERTIONS = NO;
				ENABLE_STRICT_OBJC_MSGSEND = YES;
				GCC_C_LANGUAGE_STANDARD = gnu11;
				GCC_NO_COMMON_BLOCKS = YES;
				GCC_WARN_64_TO_32_BIT_CONVERSION = YES;
				GCC_WARN_ABOUT_RETURN_TYPE = YES_ERROR;
				GCC_WARN_UNDECLARED_SELECTOR = YES;
				GCC_WARN_UNINITIALIZED_AUTOS = YES_AGGRESSIVE;
				GCC_WARN_UNUSED_FUNCTION = YES;
				GCC_WARN_UNUSED_VARIABLE = YES;
				IPHONEOS_DEPLOYMENT_TARGET = 13.2;
				MTL_ENABLE_DEBUG_INFO = NO;
				MTL_FAST_MATH = YES;
				SDKROOT = iphoneos;
				SWIFT_COMPILATION_MODE = wholemodule;
				SWIFT_OPTIMIZATION_LEVEL = "-O";
				VALIDATE_PRODUCT = YES;
			};
			name = Release;
		};
		9C323F5723ECFB6D0078FCB9 /* Debug */ = {
			isa = XCBuildConfiguration;
			buildSettings = {
				ASSETCATALOG_COMPILER_APPICON_NAME = AppIcon;
				CODE_SIGN_STYLE = Automatic;
				INFOPLIST_FILE = Dong_Ho_Dien_Tu/Info.plist;
				LD_RUNPATH_SEARCH_PATHS = (
					"$(inherited)",
					"@executable_path/Frameworks",
				);
				PRODUCT_BUNDLE_IDENTIFIER = "com.huy041299.Dong-Ho-Dien-Tu";
				PRODUCT_NAME = "$(TARGET_NAME)";
				SWIFT_VERSION = 5.0;
				TARGETED_DEVICE_FAMILY = "1,2";
			};
			name = Debug;
		};
		9C323F5823ECFB6D0078FCB9 /* Release */ = {
			isa = XCBuildConfiguration;
			buildSettings = {
				ASSETCATALOG_COMPILER_APPICON_NAME = AppIcon;
				CODE_SIGN_STYLE = Automatic;
				INFOPLIST_FILE = Dong_Ho_Dien_Tu/Info.plist;
				LD_RUNPATH_SEARCH_PATHS = (
					"$(inherited)",
					"@executable_path/Frameworks",
				);
				PRODUCT_BUNDLE_IDENTIFIER = "com.huy041299.Dong-Ho-Dien-Tu";
				PRODUCT_NAME = "$(TARGET_NAME)";
				SWIFT_VERSION = 5.0;
				TARGETED_DEVICE_FAMILY = "1,2";
			};
			name = Release;
		};
/* End XCBuildConfiguration section */

/* Begin XCConfigurationList section */
		9C323F3D23ECFB6A0078FCB9 /* Build configuration list for PBXProject "Dong_Ho_Dien_Tu" */ = {
			isa = XCConfigurationList;
			buildConfigurations = (
				9C323F5423ECFB6D0078FCB9 /* Debug */,
				9C323F5523ECFB6D0078FCB9 /* Release */,
			);
			defaultConfigurationIsVisible = 0;
			defaultConfigurationName = Release;
		};
		9C323F5623ECFB6D0078FCB9 /* Build configuration list for PBXNativeTarget "Dong_Ho_Dien_Tu" */ = {
			isa = XCConfigurationList;
			buildConfigurations = (
				9C323F5723ECFB6D0078FCB9 /* Debug */,
				9C323F5823ECFB6D0078FCB9 /* Release */,
			);
			defaultConfigurationIsVisible = 0;
			defaultConfigurationName = Release;
		};
/* End XCConfigurationList section */
	};
	rootObject = 9C323F3A23ECFB6A0078FCB9 /* Project object */;
}
