// !$*UTF8*$!
{
	archiveVersion = 1;
	classes = {
	};
	objectVersion = 50;
	objects = {

/* Begin PBXBuildFile section */
		9C5B88C823D2F03000E95912 /* AppDelegate.swift in Sources */ = {isa = PBXBuildFile; fileRef = 9C5B88C723D2F03000E95912 /* AppDelegate.swift */; };
		9C5B88CA23D2F03000E95912 /* SceneDelegate.swift in Sources */ = {isa = PBXBuildFile; fileRef = 9C5B88C923D2F03000E95912 /* SceneDelegate.swift */; };
		9C5B88CC23D2F03000E95912 /* ViewController.swift in Sources */ = {isa = PBXBuildFile; fileRef = 9C5B88CB23D2F03000E95912 /* ViewController.swift */; };
		9C5B88CF23D2F03000E95912 /* Main.storyboard in Resources */ = {isa = PBXBuildFile; fileRef = 9C5B88CD23D2F03000E95912 /* Main.storyboard */; };
		9C5B88D123D2F03200E95912 /* Assets.xcassets in Resources */ = {isa = PBXBuildFile; fileRef = 9C5B88D023D2F03200E95912 /* Assets.xcassets */; };
		9C5B88D423D2F03200E95912 /* LaunchScreen.storyboard in Resources */ = {isa = PBXBuildFile; fileRef = 9C5B88D223D2F03200E95912 /* LaunchScreen.storyboard */; };
		9C5B88DE23D2F5A100E95912 /* WaterViewController.swift in Sources */ = {isa = PBXBuildFile; fileRef = 9C5B88DD23D2F5A100E95912 /* WaterViewController.swift */; };
		9C5B88E023D308BB00E95912 /* bubblewater.mp3 in Resources */ = {isa = PBXBuildFile; fileRef = 9C5B88DF23D308BB00E95912 /* bubblewater.mp3 */; };
/* End PBXBuildFile section */

/* Begin PBXFileReference section */
		9C5B88C423D2F03000E95912 /* DemoTimer.app */ = {isa = PBXFileReference; explicitFileType = wrapper.application; includeInIndex = 0; path = DemoTimer.app; sourceTree = BUILT_PRODUCTS_DIR; };
		9C5B88C723D2F03000E95912 /* AppDelegate.swift */ = {isa = PBXFileReference; lastKnownFileType = sourcecode.swift; path = AppDelegate.swift; sourceTree = "<group>"; };
		9C5B88C923D2F03000E95912 /* SceneDelegate.swift */ = {isa = PBXFileReference; lastKnownFileType = sourcecode.swift; path = SceneDelegate.swift; sourceTree = "<group>"; };
		9C5B88CB23D2F03000E95912 /* ViewController.swift */ = {isa = PBXFileReference; lastKnownFileType = sourcecode.swift; path = ViewController.swift; sourceTree = "<group>"; };
		9C5B88CE23D2F03000E95912 /* Base */ = {isa = PBXFileReference; lastKnownFileType = file.storyboard; name = Base; path = Base.lproj/Main.storyboard; sourceTree = "<group>"; };
		9C5B88D023D2F03200E95912 /* Assets.xcassets */ = {isa = PBXFileReference; lastKnownFileType = folder.assetcatalog; path = Assets.xcassets; sourceTree = "<group>"; };
		9C5B88D323D2F03200E95912 /* Base */ = {isa = PBXFileReference; lastKnownFileType = file.storyboard; name = Base; path = Base.lproj/LaunchScreen.storyboard; sourceTree = "<group>"; };
		9C5B88D523D2F03200E95912 /* Info.plist */ = {isa = PBXFileReference; lastKnownFileType = text.plist.xml; path = Info.plist; sourceTree = "<group>"; };
		9C5B88DD23D2F5A100E95912 /* WaterViewController.swift */ = {isa = PBXFileReference; lastKnownFileType = sourcecode.swift; path = WaterViewController.swift; sourceTree = "<group>"; };
		9C5B88DF23D308BB00E95912 /* bubblewater.mp3 */ = {isa = PBXFileReference; lastKnownFileType = audio.mp3; path = bubblewater.mp3; sourceTree = "<group>"; };
/* End PBXFileReference section */

/* Begin PBXFrameworksBuildPhase section */
		9C5B88C123D2F03000E95912 /* Frameworks */ = {
			isa = PBXFrameworksBuildPhase;
			buildActionMask = 2147483647;
			files = (
			);
			runOnlyForDeploymentPostprocessing = 0;
		};
/* End PBXFrameworksBuildPhase section */

/* Begin PBXGroup section */
		9C5B88BB23D2F03000E95912 = {
			isa = PBXGroup;
			children = (
				9C5B88C623D2F03000E95912 /* DemoTimer */,
				9C5B88C523D2F03000E95912 /* Products */,
			);
			sourceTree = "<group>";
		};
		9C5B88C523D2F03000E95912 /* Products */ = {
			isa = PBXGroup;
			children = (
				9C5B88C423D2F03000E95912 /* DemoTimer.app */,
			);
			name = Products;
			sourceTree = "<group>";
		};
		9C5B88C623D2F03000E95912 /* DemoTimer */ = {
			isa = PBXGroup;
			children = (
				9C5B88DF23D308BB00E95912 /* bubblewater.mp3 */,
				9C5B88C723D2F03000E95912 /* AppDelegate.swift */,
				9C5B88C923D2F03000E95912 /* SceneDelegate.swift */,
				9C5B88CB23D2F03000E95912 /* ViewController.swift */,
				9C5B88CD23D2F03000E95912 /* Main.storyboard */,
				9C5B88DD23D2F5A100E95912 /* WaterViewController.swift */,
				9C5B88D023D2F03200E95912 /* Assets.xcassets */,
				9C5B88D223D2F03200E95912 /* LaunchScreen.storyboard */,
				9C5B88D523D2F03200E95912 /* Info.plist */,
			);
			path = DemoTimer;
			sourceTree = "<group>";
		};
/* End PBXGroup section */

/* Begin PBXNativeTarget section */
		9C5B88C323D2F03000E95912 /* DemoTimer */ = {
			isa = PBXNativeTarget;
			buildConfigurationList = 9C5B88D823D2F03200E95912 /* Build configuration list for PBXNativeTarget "DemoTimer" */;
			buildPhases = (
				9C5B88C023D2F03000E95912 /* Sources */,
				9C5B88C123D2F03000E95912 /* Frameworks */,
				9C5B88C223D2F03000E95912 /* Resources */,
			);
			buildRules = (
			);
			dependencies = (
			);
			name = DemoTimer;
			productName = DemoTimer;
			productReference = 9C5B88C423D2F03000E95912 /* DemoTimer.app */;
			productType = "com.apple.product-type.application";
		};
/* End PBXNativeTarget section */

/* Begin PBXProject section */
		9C5B88BC23D2F03000E95912 /* Project object */ = {
			isa = PBXProject;
			attributes = {
				LastSwiftUpdateCheck = 1130;
				LastUpgradeCheck = 1130;
				ORGANIZATIONNAME = Ong_Lao_Ngao;
				TargetAttributes = {
					9C5B88C323D2F03000E95912 = {
						CreatedOnToolsVersion = 11.3;
					};
				};
			};
			buildConfigurationList = 9C5B88BF23D2F03000E95912 /* Build configuration list for PBXProject "DemoTimer" */;
			compatibilityVersion = "Xcode 9.3";
			developmentRegion = en;
			hasScannedForEncodings = 0;
			knownRegions = (
				en,
				Base,
			);
			mainGroup = 9C5B88BB23D2F03000E95912;
			productRefGroup = 9C5B88C523D2F03000E95912 /* Products */;
			projectDirPath = "";
			projectRoot = "";
			targets = (
				9C5B88C323D2F03000E95912 /* DemoTimer */,
			);
		};
/* End PBXProject section */

/* Begin PBXResourcesBuildPhase section */
		9C5B88C223D2F03000E95912 /* Resources */ = {
			isa = PBXResourcesBuildPhase;
			buildActionMask = 2147483647;
			files = (
				9C5B88E023D308BB00E95912 /* bubblewater.mp3 in Resources */,
				9C5B88D423D2F03200E95912 /* LaunchScreen.storyboard in Resources */,
				9C5B88D123D2F03200E95912 /* Assets.xcassets in Resources */,
				9C5B88CF23D2F03000E95912 /* Main.storyboard in Resources */,
			);
			runOnlyForDeploymentPostprocessing = 0;
		};
/* End PBXResourcesBuildPhase section */

/* Begin PBXSourcesBuildPhase section */
		9C5B88C023D2F03000E95912 /* Sources */ = {
			isa = PBXSourcesBuildPhase;
			buildActionMask = 2147483647;
			files = (
				9C5B88CC23D2F03000E95912 /* ViewController.swift in Sources */,
				9C5B88C823D2F03000E95912 /* AppDelegate.swift in Sources */,
				9C5B88DE23D2F5A100E95912 /* WaterViewController.swift in Sources */,
				9C5B88CA23D2F03000E95912 /* SceneDelegate.swift in Sources */,
			);
			runOnlyForDeploymentPostprocessing = 0;
		};
/* End PBXSourcesBuildPhase section */

/* Begin PBXVariantGroup section */
		9C5B88CD23D2F03000E95912 /* Main.storyboard */ = {
			isa = PBXVariantGroup;
			children = (
				9C5B88CE23D2F03000E95912 /* Base */,
			);
			name = Main.storyboard;
			sourceTree = "<group>";
		};
		9C5B88D223D2F03200E95912 /* LaunchScreen.storyboard */ = {
			isa = PBXVariantGroup;
			children = (
				9C5B88D323D2F03200E95912 /* Base */,
			);
			name = LaunchScreen.storyboard;
			sourceTree = "<group>";
		};
/* End PBXVariantGroup section */

/* Begin XCBuildConfiguration section */
		9C5B88D623D2F03200E95912 /* Debug */ = {
			isa = XCBuildConfiguration;
			buildSettings = {
				ALWAYS_SEARCH_USER_PATHS = NO;
				CLANG_ANALYZER_NONNULL = YES;
				CLANG_ANALYZER_NUMBER_OBJECT_CONVERSION = YES_AGGRESSIVE;
				CLANG_CXX_LANGUAGE_STANDARD = "gnu++14";
				CLANG_CXX_LIBRARY = "libc++";
				CLANG_ENABLE_MODULES = YES;
				CLANG_ENABLE_OBJC_ARC = YES;
				CLANG_ENABLE_OBJC_WEAK = YES;
				CLANG_WARN_BLOCK_CAPTURE_AUTORELEASING = YES;
				CLANG_WARN_BOOL_CONVERSION = YES;
				CLANG_WARN_COMMA = YES;
				CLANG_WARN_CONSTANT_CONVERSION = YES;
				CLANG_WARN_DEPRECATED_OBJC_IMPLEMENTATIONS = YES;
				CLANG_WARN_DIRECT_OBJC_ISA_USAGE = YES_ERROR;
				CLANG_WARN_DOCUMENTATION_COMMENTS = YES;
				CLANG_WARN_EMPTY_BODY = YES;
				CLANG_WARN_ENUM_CONVERSION = YES;
				CLANG_WARN_INFINITE_RECURSION = YES;
				CLANG_WARN_INT_CONVERSION = YES;
				CLANG_WARN_NON_LITERAL_NULL_CONVERSION = YES;
				CLANG_WARN_OBJC_IMPLICIT_RETAIN_SELF = YES;
				CLANG_WARN_OBJC_LITERAL_CONVERSION = YES;
				CLANG_WARN_OBJC_ROOT_CLASS = YES_ERROR;
				CLANG_WARN_RANGE_LOOP_ANALYSIS = YES;
				CLANG_WARN_STRICT_PROTOTYPES = YES;
				CLANG_WARN_SUSPICIOUS_MOVE = YES;
				CLANG_WARN_UNGUARDED_AVAILABILITY = YES_AGGRESSIVE;
				CLANG_WARN_UNREACHABLE_CODE = YES;
				CLANG_WARN__DUPLICATE_METHOD_MATCH = YES;
				COPY_PHASE_STRIP = NO;
				DEBUG_INFORMATION_FORMAT = dwarf;
				ENABLE_STRICT_OBJC_MSGSEND = YES;
				ENABLE_TESTABILITY = YES;
				GCC_C_LANGUAGE_STANDARD = gnu11;
				GCC_DYNAMIC_NO_PIC = NO;
				GCC_NO_COMMON_BLOCKS = YES;
				GCC_OPTIMIZATION_LEVEL = 0;
				GCC_PREPROCESSOR_DEFINITIONS = (
					"DEBUG=1",
					"$(inherited)",
				);
				GCC_WARN_64_TO_32_BIT_CONVERSION = YES;
				GCC_WARN_ABOUT_RETURN_TYPE = YES_ERROR;
				GCC_WARN_UNDECLARED_SELECTOR = YES;
				GCC_WARN_UNINITIALIZED_AUTOS = YES_AGGRESSIVE;
				GCC_WARN_UNUSED_FUNCTION = YES;
				GCC_WARN_UNUSED_VARIABLE = YES;
				IPHONEOS_DEPLOYMENT_TARGET = 13.2;
				MTL_ENABLE_DEBUG_INFO = INCLUDE_SOURCE;
				MTL_FAST_MATH = YES;
				ONLY_ACTIVE_ARCH = YES;
				SDKROOT = iphoneos;
				SWIFT_ACTIVE_COMPILATION_CONDITIONS = DEBUG;
				SWIFT_OPTIMIZATION_LEVEL = "-Onone";
			};
			name = Debug;
		};
		9C5B88D723D2F03200E95912 /* Release */ = {
			isa = XCBuildConfiguration;
			buildSettings = {
				ALWAYS_SEARCH_USER_PATHS = NO;
				CLANG_ANALYZER_NONNULL = YES;
				CLANG_ANALYZER_NUMBER_OBJECT_CONVERSION = YES_AGGRESSIVE;
				CLANG_CXX_LANGUAGE_STANDARD = "gnu++14";
				CLANG_CXX_LIBRARY = "libc++";
				CLANG_ENABLE_MODULES = YES;
				CLANG_ENABLE_OBJC_ARC = YES;
				CLANG_ENABLE_OBJC_WEAK = YES;
				CLANG_WARN_BLOCK_CAPTURE_AUTORELEASING = YES;
				CLANG_WARN_BOOL_CONVERSION = YES;
				CLANG_WARN_COMMA = YES;
				CLANG_WARN_CONSTANT_CONVERSION = YES;
				CLANG_WARN_DEPRECATED_OBJC_IMPLEMENTATIONS = YES;
				CLANG_WARN_DIRECT_OBJC_ISA_USAGE = YES_ERROR;
				CLANG_WARN_DOCUMENTATION_COMMENTS = YES;
				CLANG_WARN_EMPTY_BODY = YES;
				CLANG_WARN_ENUM_CONVERSION = YES;
				CLANG_WARN_INFINITE_RECURSION = YES;
				CLANG_WARN_INT_CONVERSION = YES;
				CLANG_WARN_NON_LITERAL_NULL_CONVERSION = YES;
				CLANG_WARN_OBJC_IMPLICIT_RETAIN_SELF = YES;
				CLANG_WARN_OBJC_LITERAL_CONVERSION = YES;
				CLANG_WARN_OBJC_ROOT_CLASS = YES_ERROR;
				CLANG_WARN_RANGE_LOOP_ANALYSIS = YES;
				CLANG_WARN_STRICT_PROTOTYPES = YES;
				CLANG_WARN_SUSPICIOUS_MOVE = YES;
				CLANG_WARN_UNGUARDED_AVAILABILITY = YES_AGGRESSIVE;
				CLANG_WARN_UNREACHABLE_CODE = YES;
				CLANG_WARN__DUPLICATE_METHOD_MATCH = YES;
				COPY_PHASE_STRIP = NO;
				DEBUG_INFORMATION_FORMAT = "dwarf-with-dsym";
				ENABLE_NS_ASSERTIONS = NO;
				ENABLE_STRICT_OBJC_MSGSEND = YES;
				GCC_C_LANGUAGE_STANDARD = gnu11;
				GCC_NO_COMMON_BLOCKS = YES;
				GCC_WARN_64_TO_32_BIT_CONVERSION = YES;
				GCC_WARN_ABOUT_RETURN_TYPE = YES_ERROR;
				GCC_WARN_UNDECLARED_SELECTOR = YES;
				GCC_WARN_UNINITIALIZED_AUTOS = YES_AGGRESSIVE;
				GCC_WARN_UNUSED_FUNCTION = YES;
				GCC_WARN_UNUSED_VARIABLE = YES;
				IPHONEOS_DEPLOYMENT_TARGET = 13.2;
				MTL_ENABLE_DEBUG_INFO = NO;
				MTL_FAST_MATH = YES;
				SDKROOT = iphoneos;
				SWIFT_COMPILATION_MODE = wholemodule;
				SWIFT_OPTIMIZATION_LEVEL = "-O";
				VALIDATE_PRODUCT = YES;
			};
			name = Release;
		};
		9C5B88D923D2F03200E95912 /* Debug */ = {
			isa = XCBuildConfiguration;
			buildSettings = {
				ASSETCATALOG_COMPILER_APPICON_NAME = AppIcon;
				CODE_SIGN_STYLE = Automatic;
				INFOPLIST_FILE = DemoTimer/Info.plist;
				LD_RUNPATH_SEARCH_PATHS = (
					"$(inherited)",
					"@executable_path/Frameworks",
				);
				PRODUCT_BUNDLE_IDENTIFIER = com.huy041299.DemoTimer;
				PRODUCT_NAME = "$(TARGET_NAME)";
				SWIFT_VERSION = 5.0;
				TARGETED_DEVICE_FAMILY = "1,2";
			};
			name = Debug;
		};
		9C5B88DA23D2F03200E95912 /* Release */ = {
			isa = XCBuildConfiguration;
			buildSettings = {
				ASSETCATALOG_COMPILER_APPICON_NAME = AppIcon;
				CODE_SIGN_STYLE = Automatic;
				INFOPLIST_FILE = DemoTimer/Info.plist;
				LD_RUNPATH_SEARCH_PATHS = (
					"$(inherited)",
					"@executable_path/Frameworks",
				);
				PRODUCT_BUNDLE_IDENTIFIER = com.huy041299.DemoTimer;
				PRODUCT_NAME = "$(TARGET_NAME)";
				SWIFT_VERSION = 5.0;
				TARGETED_DEVICE_FAMILY = "1,2";
			};
			name = Release;
		};
/* End XCBuildConfiguration section */

/* Begin XCConfigurationList section */
		9C5B88BF23D2F03000E95912 /* Build configuration list for PBXProject "DemoTimer" */ = {
			isa = XCConfigurationList;
			buildConfigurations = (
				9C5B88D623D2F03200E95912 /* Debug */,
				9C5B88D723D2F03200E95912 /* Release */,
			);
			defaultConfigurationIsVisible = 0;
			defaultConfigurationName = Release;
		};
		9C5B88D823D2F03200E95912 /* Build configuration list for PBXNativeTarget "DemoTimer" */ = {
			isa = XCConfigurationList;
			buildConfigurations = (
				9C5B88D923D2F03200E95912 /* Debug */,
				9C5B88DA23D2F03200E95912 /* Release */,
			);
			defaultConfigurationIsVisible = 0;
			defaultConfigurationName = Release;
		};
/* End XCConfigurationList section */
	};
	rootObject = 9C5B88BC23D2F03000E95912 /* Project object */;
}
