// !$*UTF8*$!
{
	archiveVersion = 1;
	classes = {
	};
	objectVersion = 50;
	objects = {

/* Begin PBXBuildFile section */
		9C32AD9223C102A300446CE0 /* main.swift in Sources */ = {isa = PBXBuildFile; fileRef = 9C32AD9123C102A300446CE0 /* main.swift */; };
		9C32AD9923C102DE00446CE0 /* B1.swift in Sources */ = {isa = PBXBuildFile; fileRef = 9C32AD9823C102DE00446CE0 /* B1.swift */; };
		9C37C09623C32057000E13DD /* B2.swift in Sources */ = {isa = PBXBuildFile; fileRef = 9C37C09523C32057000E13DD /* B2.swift */; };
		9C37C09823C32302000E13DD /* B3.swift in Sources */ = {isa = PBXBuildFile; fileRef = 9C37C09723C32302000E13DD /* B3.swift */; };
		9C37C09A23C32696000E13DD /* B4.swift in Sources */ = {isa = PBXBuildFile; fileRef = 9C37C09923C32696000E13DD /* B4.swift */; };
		9C41BB8D23C32C050039877F /* B5.swift in Sources */ = {isa = PBXBuildFile; fileRef = 9C41BB8C23C32C050039877F /* B5.swift */; };
/* End PBXBuildFile section */

/* Begin PBXCopyFilesBuildPhase section */
		9C32AD8C23C102A300446CE0 /* CopyFiles */ = {
			isa = PBXCopyFilesBuildPhase;
			buildActionMask = 2147483647;
			dstPath = /usr/share/man/man1/;
			dstSubfolderSpec = 0;
			files = (
			);
			runOnlyForDeploymentPostprocessing = 1;
		};
/* End PBXCopyFilesBuildPhase section */

/* Begin PBXFileReference section */
		9C32AD8E23C102A300446CE0 /* BTVN_Buoi04_05_01 */ = {isa = PBXFileReference; explicitFileType = "compiled.mach-o.executable"; includeInIndex = 0; path = BTVN_Buoi04_05_01; sourceTree = BUILT_PRODUCTS_DIR; };
		9C32AD9123C102A300446CE0 /* main.swift */ = {isa = PBXFileReference; lastKnownFileType = sourcecode.swift; path = main.swift; sourceTree = "<group>"; };
		9C32AD9823C102DE00446CE0 /* B1.swift */ = {isa = PBXFileReference; lastKnownFileType = sourcecode.swift; path = B1.swift; sourceTree = "<group>"; };
		9C37C09523C32057000E13DD /* B2.swift */ = {isa = PBXFileReference; lastKnownFileType = sourcecode.swift; path = B2.swift; sourceTree = "<group>"; };
		9C37C09723C32302000E13DD /* B3.swift */ = {isa = PBXFileReference; lastKnownFileType = sourcecode.swift; path = B3.swift; sourceTree = "<group>"; };
		9C37C09923C32696000E13DD /* B4.swift */ = {isa = PBXFileReference; lastKnownFileType = sourcecode.swift; path = B4.swift; sourceTree = "<group>"; };
		9C41BB8C23C32C050039877F /* B5.swift */ = {isa = PBXFileReference; lastKnownFileType = sourcecode.swift; path = B5.swift; sourceTree = "<group>"; };
/* End PBXFileReference section */

/* Begin PBXFrameworksBuildPhase section */
		9C32AD8B23C102A300446CE0 /* Frameworks */ = {
			isa = PBXFrameworksBuildPhase;
			buildActionMask = 2147483647;
			files = (
			);
			runOnlyForDeploymentPostprocessing = 0;
		};
/* End PBXFrameworksBuildPhase section */

/* Begin PBXGroup section */
		9C32AD8523C102A300446CE0 = {
			isa = PBXGroup;
			children = (
				9C32AD9023C102A300446CE0 /* BTVN_Buoi04_05_01 */,
				9C32AD8F23C102A300446CE0 /* Products */,
			);
			sourceTree = "<group>";
		};
		9C32AD8F23C102A300446CE0 /* Products */ = {
			isa = PBXGroup;
			children = (
				9C32AD8E23C102A300446CE0 /* BTVN_Buoi04_05_01 */,
			);
			name = Products;
			sourceTree = "<group>";
		};
		9C32AD9023C102A300446CE0 /* BTVN_Buoi04_05_01 */ = {
			isa = PBXGroup;
			children = (
				9C32AD9123C102A300446CE0 /* main.swift */,
				9C32AD9823C102DE00446CE0 /* B1.swift */,
				9C37C09523C32057000E13DD /* B2.swift */,
				9C37C09723C32302000E13DD /* B3.swift */,
				9C37C09923C32696000E13DD /* B4.swift */,
				9C41BB8C23C32C050039877F /* B5.swift */,
			);
			path = BTVN_Buoi04_05_01;
			sourceTree = "<group>";
		};
/* End PBXGroup section */

/* Begin PBXNativeTarget section */
		9C32AD8D23C102A300446CE0 /* BTVN_Buoi04_05_01 */ = {
			isa = PBXNativeTarget;
			buildConfigurationList = 9C32AD9523C102A300446CE0 /* Build configuration list for PBXNativeTarget "BTVN_Buoi04_05_01" */;
			buildPhases = (
				9C32AD8A23C102A300446CE0 /* Sources */,
				9C32AD8B23C102A300446CE0 /* Frameworks */,
				9C32AD8C23C102A300446CE0 /* CopyFiles */,
			);
			buildRules = (
			);
			dependencies = (
			);
			name = BTVN_Buoi04_05_01;
			productName = BTVN_Buoi04_05_01;
			productReference = 9C32AD8E23C102A300446CE0 /* BTVN_Buoi04_05_01 */;
			productType = "com.apple.product-type.tool";
		};
/* End PBXNativeTarget section */

/* Begin PBXProject section */
		9C32AD8623C102A300446CE0 /* Project object */ = {
			isa = PBXProject;
			attributes = {
				LastSwiftUpdateCheck = 1130;
				LastUpgradeCheck = 1130;
				ORGANIZATIONNAME = Ong_Lao_Ngao;
				TargetAttributes = {
					9C32AD8D23C102A300446CE0 = {
						CreatedOnToolsVersion = 11.3;
					};
				};
			};
			buildConfigurationList = 9C32AD8923C102A300446CE0 /* Build configuration list for PBXProject "BTVN_Buoi04_05_01" */;
			compatibilityVersion = "Xcode 9.3";
			developmentRegion = en;
			hasScannedForEncodings = 0;
			knownRegions = (
				en,
				Base,
			);
			mainGroup = 9C32AD8523C102A300446CE0;
			productRefGroup = 9C32AD8F23C102A300446CE0 /* Products */;
			projectDirPath = "";
			projectRoot = "";
			targets = (
				9C32AD8D23C102A300446CE0 /* BTVN_Buoi04_05_01 */,
			);
		};
/* End PBXProject section */

/* Begin PBXSourcesBuildPhase section */
		9C32AD8A23C102A300446CE0 /* Sources */ = {
			isa = PBXSourcesBuildPhase;
			buildActionMask = 2147483647;
			files = (
				9C37C09823C32302000E13DD /* B3.swift in Sources */,
				9C32AD9923C102DE00446CE0 /* B1.swift in Sources */,
				9C41BB8D23C32C050039877F /* B5.swift in Sources */,
				9C32AD9223C102A300446CE0 /* main.swift in Sources */,
				9C37C09A23C32696000E13DD /* B4.swift in Sources */,
				9C37C09623C32057000E13DD /* B2.swift in Sources */,
			);
			runOnlyForDeploymentPostprocessing = 0;
		};
/* End PBXSourcesBuildPhase section */

/* Begin XCBuildConfiguration section */
		9C32AD9323C102A300446CE0 /* Debug */ = {
			isa = XCBuildConfiguration;
			buildSettings = {
				ALWAYS_SEARCH_USER_PATHS = NO;
				CLANG_ANALYZER_NONNULL = YES;
				CLANG_ANALYZER_NUMBER_OBJECT_CONVERSION = YES_AGGRESSIVE;
				CLANG_CXX_LANGUAGE_STANDARD = "gnu++14";
				CLANG_CXX_LIBRARY = "libc++";
				CLANG_ENABLE_MODULES = YES;
				CLANG_ENABLE_OBJC_ARC = YES;
				CLANG_ENABLE_OBJC_WEAK = YES;
				CLANG_WARN_BLOCK_CAPTURE_AUTORELEASING = YES;
				CLANG_WARN_BOOL_CONVERSION = YES;
				CLANG_WARN_COMMA = YES;
				CLANG_WARN_CONSTANT_CONVERSION = YES;
				CLANG_WARN_DEPRECATED_OBJC_IMPLEMENTATIONS = YES;
				CLANG_WARN_DIRECT_OBJC_ISA_USAGE = YES_ERROR;
				CLANG_WARN_DOCUMENTATION_COMMENTS = YES;
				CLANG_WARN_EMPTY_BODY = YES;
				CLANG_WARN_ENUM_CONVERSION = YES;
				CLANG_WARN_INFINITE_RECURSION = YES;
				CLANG_WARN_INT_CONVERSION = YES;
				CLANG_WARN_NON_LITERAL_NULL_CONVERSION = YES;
				CLANG_WARN_OBJC_IMPLICIT_RETAIN_SELF = YES;
				CLANG_WARN_OBJC_LITERAL_CONVERSION = YES;
				CLANG_WARN_OBJC_ROOT_CLASS = YES_ERROR;
				CLANG_WARN_RANGE_LOOP_ANALYSIS = YES;
				CLANG_WARN_STRICT_PROTOTYPES = YES;
				CLANG_WARN_SUSPICIOUS_MOVE = YES;
				CLANG_WARN_UNGUARDED_AVAILABILITY = YES_AGGRESSIVE;
				CLANG_WARN_UNREACHABLE_CODE = YES;
				CLANG_WARN__DUPLICATE_METHOD_MATCH = YES;
				COPY_PHASE_STRIP = NO;
				DEBUG_INFORMATION_FORMAT = dwarf;
				ENABLE_STRICT_OBJC_MSGSEND = YES;
				ENABLE_TESTABILITY = YES;
				GCC_C_LANGUAGE_STANDARD = gnu11;
				GCC_DYNAMIC_NO_PIC = NO;
				GCC_NO_COMMON_BLOCKS = YES;
				GCC_OPTIMIZATION_LEVEL = 0;
				GCC_PREPROCESSOR_DEFINITIONS = (
					"DEBUG=1",
					"$(inherited)",
				);
				GCC_WARN_64_TO_32_BIT_CONVERSION = YES;
				GCC_WARN_ABOUT_RETURN_TYPE = YES_ERROR;
				GCC_WARN_UNDECLARED_SELECTOR = YES;
				GCC_WARN_UNINITIALIZED_AUTOS = YES_AGGRESSIVE;
				GCC_WARN_UNUSED_FUNCTION = YES;
				GCC_WARN_UNUSED_VARIABLE = YES;
				MACOSX_DEPLOYMENT_TARGET = 10.15;
				MTL_ENABLE_DEBUG_INFO = INCLUDE_SOURCE;
				MTL_FAST_MATH = YES;
				ONLY_ACTIVE_ARCH = YES;
				SDKROOT = macosx;
				SWIFT_ACTIVE_COMPILATION_CONDITIONS = DEBUG;
				SWIFT_OPTIMIZATION_LEVEL = "-Onone";
			};
			name = Debug;
		};
		9C32AD9423C102A300446CE0 /* Release */ = {
			isa = XCBuildConfiguration;
			buildSettings = {
				ALWAYS_SEARCH_USER_PATHS = NO;
				CLANG_ANALYZER_NONNULL = YES;
				CLANG_ANALYZER_NUMBER_OBJECT_CONVERSION = YES_AGGRESSIVE;
				CLANG_CXX_LANGUAGE_STANDARD = "gnu++14";
				CLANG_CXX_LIBRARY = "libc++";
				CLANG_ENABLE_MODULES = YES;
				CLANG_ENABLE_OBJC_ARC = YES;
				CLANG_ENABLE_OBJC_WEAK = YES;
				CLANG_WARN_BLOCK_CAPTURE_AUTORELEASING = YES;
				CLANG_WARN_BOOL_CONVERSION = YES;
				CLANG_WARN_COMMA = YES;
				CLANG_WARN_CONSTANT_CONVERSION = YES;
				CLANG_WARN_DEPRECATED_OBJC_IMPLEMENTATIONS = YES;
				CLANG_WARN_DIRECT_OBJC_ISA_USAGE = YES_ERROR;
				CLANG_WARN_DOCUMENTATION_COMMENTS = YES;
				CLANG_WARN_EMPTY_BODY = YES;
				CLANG_WARN_ENUM_CONVERSION = YES;
				CLANG_WARN_INFINITE_RECURSION = YES;
				CLANG_WARN_INT_CONVERSION = YES;
				CLANG_WARN_NON_LITERAL_NULL_CONVERSION = YES;
				CLANG_WARN_OBJC_IMPLICIT_RETAIN_SELF = YES;
				CLANG_WARN_OBJC_LITERAL_CONVERSION = YES;
				CLANG_WARN_OBJC_ROOT_CLASS = YES_ERROR;
				CLANG_WARN_RANGE_LOOP_ANALYSIS = YES;
				CLANG_WARN_STRICT_PROTOTYPES = YES;
				CLANG_WARN_SUSPICIOUS_MOVE = YES;
				CLANG_WARN_UNGUARDED_AVAILABILITY = YES_AGGRESSIVE;
				CLANG_WARN_UNREACHABLE_CODE = YES;
				CLANG_WARN__DUPLICATE_METHOD_MATCH = YES;
				COPY_PHASE_STRIP = NO;
				DEBUG_INFORMATION_FORMAT = "dwarf-with-dsym";
				ENABLE_NS_ASSERTIONS = NO;
				ENABLE_STRICT_OBJC_MSGSEND = YES;
				GCC_C_LANGUAGE_STANDARD = gnu11;
				GCC_NO_COMMON_BLOCKS = YES;
				GCC_WARN_64_TO_32_BIT_CONVERSION = YES;
				GCC_WARN_ABOUT_RETURN_TYPE = YES_ERROR;
				GCC_WARN_UNDECLARED_SELECTOR = YES;
				GCC_WARN_UNINITIALIZED_AUTOS = YES_AGGRESSIVE;
				GCC_WARN_UNUSED_FUNCTION = YES;
				GCC_WARN_UNUSED_VARIABLE = YES;
				MACOSX_DEPLOYMENT_TARGET = 10.15;
				MTL_ENABLE_DEBUG_INFO = NO;
				MTL_FAST_MATH = YES;
				SDKROOT = macosx;
				SWIFT_COMPILATION_MODE = wholemodule;
				SWIFT_OPTIMIZATION_LEVEL = "-O";
			};
			name = Release;
		};
		9C32AD9623C102A300446CE0 /* Debug */ = {
			isa = XCBuildConfiguration;
			buildSettings = {
				CODE_SIGN_STYLE = Automatic;
				PRODUCT_NAME = "$(TARGET_NAME)";
				SWIFT_VERSION = 5.0;
			};
			name = Debug;
		};
		9C32AD9723C102A300446CE0 /* Release */ = {
			isa = XCBuildConfiguration;
			buildSettings = {
				CODE_SIGN_STYLE = Automatic;
				PRODUCT_NAME = "$(TARGET_NAME)";
				SWIFT_VERSION = 5.0;
			};
			name = Release;
		};
/* End XCBuildConfiguration section */

/* Begin XCConfigurationList section */
		9C32AD8923C102A300446CE0 /* Build configuration list for PBXProject "BTVN_Buoi04_05_01" */ = {
			isa = XCConfigurationList;
			buildConfigurations = (
				9C32AD9323C102A300446CE0 /* Debug */,
				9C32AD9423C102A300446CE0 /* Release */,
			);
			defaultConfigurationIsVisible = 0;
			defaultConfigurationName = Release;
		};
		9C32AD9523C102A300446CE0 /* Build configuration list for PBXNativeTarget "BTVN_Buoi04_05_01" */ = {
			isa = XCConfigurationList;
			buildConfigurations = (
				9C32AD9623C102A300446CE0 /* Debug */,
				9C32AD9723C102A300446CE0 /* Release */,
			);
			defaultConfigurationIsVisible = 0;
			defaultConfigurationName = Release;
		};
/* End XCConfigurationList section */
	};
	rootObject = 9C32AD8623C102A300446CE0 /* Project object */;
}
