// !$*UTF8*$!
{
	archiveVersion = 1;
	classes = {
	};
	objectVersion = 50;
	objects = {

/* Begin PBXBuildFile section */
		9CBD9F18245D178B00B52BB3 /* AppDelegate.swift in Sources */ = {isa = PBXBuildFile; fileRef = 9CBD9F17245D178B00B52BB3 /* AppDelegate.swift */; };
		9CBD9F1A245D178B00B52BB3 /* SceneDelegate.swift in Sources */ = {isa = PBXBuildFile; fileRef = 9CBD9F19245D178B00B52BB3 /* SceneDelegate.swift */; };
		9CBD9F1C245D178B00B52BB3 /* ViewController.swift in Sources */ = {isa = PBXBuildFile; fileRef = 9CBD9F1B245D178B00B52BB3 /* ViewController.swift */; };
		9CBD9F1F245D178B00B52BB3 /* Main.storyboard in Resources */ = {isa = PBXBuildFile; fileRef = 9CBD9F1D245D178B00B52BB3 /* Main.storyboard */; };
		9CBD9F21245D178C00B52BB3 /* Assets.xcassets in Resources */ = {isa = PBXBuildFile; fileRef = 9CBD9F20245D178C00B52BB3 /* Assets.xcassets */; };
		9CBD9F24245D178C00B52BB3 /* LaunchScreen.storyboard in Resources */ = {isa = PBXBuildFile; fileRef = 9CBD9F22245D178C00B52BB3 /* LaunchScreen.storyboard */; };
		9CBD9F2F245D183800B52BB3 /* Man2_ViewController.swift in Sources */ = {isa = PBXBuildFile; fileRef = 9CBD9F2D245D183800B52BB3 /* Man2_ViewController.swift */; };
		9CBD9F30245D183800B52BB3 /* Man2_ViewController.xib in Resources */ = {isa = PBXBuildFile; fileRef = 9CBD9F2E245D183800B52BB3 /* Man2_ViewController.xib */; };
		9CBD9F32245D18E400B52BB3 /* Phone.swift in Sources */ = {isa = PBXBuildFile; fileRef = 9CBD9F31245D18E400B52BB3 /* Phone.swift */; };
/* End PBXBuildFile section */

/* Begin PBXFileReference section */
		9CBD9F14245D178B00B52BB3 /* BaiTap2.app */ = {isa = PBXFileReference; explicitFileType = wrapper.application; includeInIndex = 0; path = BaiTap2.app; sourceTree = BUILT_PRODUCTS_DIR; };
		9CBD9F17245D178B00B52BB3 /* AppDelegate.swift */ = {isa = PBXFileReference; lastKnownFileType = sourcecode.swift; path = AppDelegate.swift; sourceTree = "<group>"; };
		9CBD9F19245D178B00B52BB3 /* SceneDelegate.swift */ = {isa = PBXFileReference; lastKnownFileType = sourcecode.swift; path = SceneDelegate.swift; sourceTree = "<group>"; };
		9CBD9F1B245D178B00B52BB3 /* ViewController.swift */ = {isa = PBXFileReference; lastKnownFileType = sourcecode.swift; path = ViewController.swift; sourceTree = "<group>"; };
		9CBD9F1E245D178B00B52BB3 /* Base */ = {isa = PBXFileReference; lastKnownFileType = file.storyboard; name = Base; path = Base.lproj/Main.storyboard; sourceTree = "<group>"; };
		9CBD9F20245D178C00B52BB3 /* Assets.xcassets */ = {isa = PBXFileReference; lastKnownFileType = folder.assetcatalog; path = Assets.xcassets; sourceTree = "<group>"; };
		9CBD9F23245D178C00B52BB3 /* Base */ = {isa = PBXFileReference; lastKnownFileType = file.storyboard; name = Base; path = Base.lproj/LaunchScreen.storyboard; sourceTree = "<group>"; };
		9CBD9F25245D178C00B52BB3 /* Info.plist */ = {isa = PBXFileReference; lastKnownFileType = text.plist.xml; path = Info.plist; sourceTree = "<group>"; };
		9CBD9F2D245D183800B52BB3 /* Man2_ViewController.swift */ = {isa = PBXFileReference; lastKnownFileType = sourcecode.swift; path = Man2_ViewController.swift; sourceTree = "<group>"; };
		9CBD9F2E245D183800B52BB3 /* Man2_ViewController.xib */ = {isa = PBXFileReference; lastKnownFileType = file.xib; path = Man2_ViewController.xib; sourceTree = "<group>"; };
		9CBD9F31245D18E400B52BB3 /* Phone.swift */ = {isa = PBXFileReference; lastKnownFileType = sourcecode.swift; path = Phone.swift; sourceTree = "<group>"; };
/* End PBXFileReference section */

/* Begin PBXFrameworksBuildPhase section */
		9CBD9F11245D178B00B52BB3 /* Frameworks */ = {
			isa = PBXFrameworksBuildPhase;
			buildActionMask = 2147483647;
			files = (
			);
			runOnlyForDeploymentPostprocessing = 0;
		};
/* End PBXFrameworksBuildPhase section */

/* Begin PBXGroup section */
		9CBD9F0B245D178B00B52BB3 = {
			isa = PBXGroup;
			children = (
				9CBD9F16245D178B00B52BB3 /* BaiTap2 */,
				9CBD9F15245D178B00B52BB3 /* Products */,
			);
			sourceTree = "<group>";
		};
		9CBD9F15245D178B00B52BB3 /* Products */ = {
			isa = PBXGroup;
			children = (
				9CBD9F14245D178B00B52BB3 /* BaiTap2.app */,
			);
			name = Products;
			sourceTree = "<group>";
		};
		9CBD9F16245D178B00B52BB3 /* BaiTap2 */ = {
			isa = PBXGroup;
			children = (
				9CBD9F17245D178B00B52BB3 /* AppDelegate.swift */,
				9CBD9F19245D178B00B52BB3 /* SceneDelegate.swift */,
				9CBD9F1B245D178B00B52BB3 /* ViewController.swift */,
				9CBD9F1D245D178B00B52BB3 /* Main.storyboard */,
				9CBD9F20245D178C00B52BB3 /* Assets.xcassets */,
				9CBD9F22245D178C00B52BB3 /* LaunchScreen.storyboard */,
				9CBD9F25245D178C00B52BB3 /* Info.plist */,
				9CBD9F2D245D183800B52BB3 /* Man2_ViewController.swift */,
				9CBD9F2E245D183800B52BB3 /* Man2_ViewController.xib */,
				9CBD9F31245D18E400B52BB3 /* Phone.swift */,
			);
			path = BaiTap2;
			sourceTree = "<group>";
		};
/* End PBXGroup section */

/* Begin PBXNativeTarget section */
		9CBD9F13245D178B00B52BB3 /* BaiTap2 */ = {
			isa = PBXNativeTarget;
			buildConfigurationList = 9CBD9F28245D178C00B52BB3 /* Build configuration list for PBXNativeTarget "BaiTap2" */;
			buildPhases = (
				9CBD9F10245D178B00B52BB3 /* Sources */,
				9CBD9F11245D178B00B52BB3 /* Frameworks */,
				9CBD9F12245D178B00B52BB3 /* Resources */,
			);
			buildRules = (
			);
			dependencies = (
			);
			name = BaiTap2;
			productName = BaiTap2;
			productReference = 9CBD9F14245D178B00B52BB3 /* BaiTap2.app */;
			productType = "com.apple.product-type.application";
		};
/* End PBXNativeTarget section */

/* Begin PBXProject section */
		9CBD9F0C245D178B00B52BB3 /* Project object */ = {
			isa = PBXProject;
			attributes = {
				LastSwiftUpdateCheck = 1130;
				LastUpgradeCheck = 1130;
				ORGANIZATIONNAME = Ong_Lao_Ngao;
				TargetAttributes = {
					9CBD9F13245D178B00B52BB3 = {
						CreatedOnToolsVersion = 11.3;
					};
				};
			};
			buildConfigurationList = 9CBD9F0F245D178B00B52BB3 /* Build configuration list for PBXProject "BaiTap2" */;
			compatibilityVersion = "Xcode 9.3";
			developmentRegion = en;
			hasScannedForEncodings = 0;
			knownRegions = (
				en,
				Base,
			);
			mainGroup = 9CBD9F0B245D178B00B52BB3;
			productRefGroup = 9CBD9F15245D178B00B52BB3 /* Products */;
			projectDirPath = "";
			projectRoot = "";
			targets = (
				9CBD9F13245D178B00B52BB3 /* BaiTap2 */,
			);
		};
/* End PBXProject section */

/* Begin PBXResourcesBuildPhase section */
		9CBD9F12245D178B00B52BB3 /* Resources */ = {
			isa = PBXResourcesBuildPhase;
			buildActionMask = 2147483647;
			files = (
				9CBD9F30245D183800B52BB3 /* Man2_ViewController.xib in Resources */,
				9CBD9F24245D178C00B52BB3 /* LaunchScreen.storyboard in Resources */,
				9CBD9F21245D178C00B52BB3 /* Assets.xcassets in Resources */,
				9CBD9F1F245D178B00B52BB3 /* Main.storyboard in Resources */,
			);
			runOnlyForDeploymentPostprocessing = 0;
		};
/* End PBXResourcesBuildPhase section */

/* Begin PBXSourcesBuildPhase section */
		9CBD9F10245D178B00B52BB3 /* Sources */ = {
			isa = PBXSourcesBuildPhase;
			buildActionMask = 2147483647;
			files = (
				9CBD9F32245D18E400B52BB3 /* Phone.swift in Sources */,
				9CBD9F2F245D183800B52BB3 /* Man2_ViewController.swift in Sources */,
				9CBD9F1C245D178B00B52BB3 /* ViewController.swift in Sources */,
				9CBD9F18245D178B00B52BB3 /* AppDelegate.swift in Sources */,
				9CBD9F1A245D178B00B52BB3 /* SceneDelegate.swift in Sources */,
			);
			runOnlyForDeploymentPostprocessing = 0;
		};
/* End PBXSourcesBuildPhase section */

/* Begin PBXVariantGroup section */
		9CBD9F1D245D178B00B52BB3 /* Main.storyboard */ = {
			isa = PBXVariantGroup;
			children = (
				9CBD9F1E245D178B00B52BB3 /* Base */,
			);
			name = Main.storyboard;
			sourceTree = "<group>";
		};
		9CBD9F22245D178C00B52BB3 /* LaunchScreen.storyboard */ = {
			isa = PBXVariantGroup;
			children = (
				9CBD9F23245D178C00B52BB3 /* Base */,
			);
			name = LaunchScreen.storyboard;
			sourceTree = "<group>";
		};
/* End PBXVariantGroup section */

/* Begin XCBuildConfiguration section */
		9CBD9F26245D178C00B52BB3 /* Debug */ = {
			isa = XCBuildConfiguration;
			buildSettings = {
				ALWAYS_SEARCH_USER_PATHS = NO;
				CLANG_ANALYZER_NONNULL = YES;
				CLANG_ANALYZER_NUMBER_OBJECT_CONVERSION = YES_AGGRESSIVE;
				CLANG_CXX_LANGUAGE_STANDARD = "gnu++14";
				CLANG_CXX_LIBRARY = "libc++";
				CLANG_ENABLE_MODULES = YES;
				CLANG_ENABLE_OBJC_ARC = YES;
				CLANG_ENABLE_OBJC_WEAK = YES;
				CLANG_WARN_BLOCK_CAPTURE_AUTORELEASING = YES;
				CLANG_WARN_BOOL_CONVERSION = YES;
				CLANG_WARN_COMMA = YES;
				CLANG_WARN_CONSTANT_CONVERSION = YES;
				CLANG_WARN_DEPRECATED_OBJC_IMPLEMENTATIONS = YES;
				CLANG_WARN_DIRECT_OBJC_ISA_USAGE = YES_ERROR;
				CLANG_WARN_DOCUMENTATION_COMMENTS = YES;
				CLANG_WARN_EMPTY_BODY = YES;
				CLANG_WARN_ENUM_CONVERSION = YES;
				CLANG_WARN_INFINITE_RECURSION = YES;
				CLANG_WARN_INT_CONVERSION = YES;
				CLANG_WARN_NON_LITERAL_NULL_CONVERSION = YES;
				CLANG_WARN_OBJC_IMPLICIT_RETAIN_SELF = YES;
				CLANG_WARN_OBJC_LITERAL_CONVERSION = YES;
				CLANG_WARN_OBJC_ROOT_CLASS = YES_ERROR;
				CLANG_WARN_RANGE_LOOP_ANALYSIS = YES;
				CLANG_WARN_STRICT_PROTOTYPES = YES;
				CLANG_WARN_SUSPICIOUS_MOVE = YES;
				CLANG_WARN_UNGUARDED_AVAILABILITY = YES_AGGRESSIVE;
				CLANG_WARN_UNREACHABLE_CODE = YES;
				CLANG_WARN__DUPLICATE_METHOD_MATCH = YES;
				COPY_PHASE_STRIP = NO;
				DEBUG_INFORMATION_FORMAT = dwarf;
				ENABLE_STRICT_OBJC_MSGSEND = YES;
				ENABLE_TESTABILITY = YES;
				GCC_C_LANGUAGE_STANDARD = gnu11;
				GCC_DYNAMIC_NO_PIC = NO;
				GCC_NO_COMMON_BLOCKS = YES;
				GCC_OPTIMIZATION_LEVEL = 0;
				GCC_PREPROCESSOR_DEFINITIONS = (
					"DEBUG=1",
					"$(inherited)",
				);
				GCC_WARN_64_TO_32_BIT_CONVERSION = YES;
				GCC_WARN_ABOUT_RETURN_TYPE = YES_ERROR;
				GCC_WARN_UNDECLARED_SELECTOR = YES;
				GCC_WARN_UNINITIALIZED_AUTOS = YES_AGGRESSIVE;
				GCC_WARN_UNUSED_FUNCTION = YES;
				GCC_WARN_UNUSED_VARIABLE = YES;
				IPHONEOS_DEPLOYMENT_TARGET = 13.2;
				MTL_ENABLE_DEBUG_INFO = INCLUDE_SOURCE;
				MTL_FAST_MATH = YES;
				ONLY_ACTIVE_ARCH = YES;
				SDKROOT = iphoneos;
				SWIFT_ACTIVE_COMPILATION_CONDITIONS = DEBUG;
				SWIFT_OPTIMIZATION_LEVEL = "-Onone";
			};
			name = Debug;
		};
		9CBD9F27245D178C00B52BB3 /* Release */ = {
			isa = XCBuildConfiguration;
			buildSettings = {
				ALWAYS_SEARCH_USER_PATHS = NO;
				CLANG_ANALYZER_NONNULL = YES;
				CLANG_ANALYZER_NUMBER_OBJECT_CONVERSION = YES_AGGRESSIVE;
				CLANG_CXX_LANGUAGE_STANDARD = "gnu++14";
				CLANG_CXX_LIBRARY = "libc++";
				CLANG_ENABLE_MODULES = YES;
				CLANG_ENABLE_OBJC_ARC = YES;
				CLANG_ENABLE_OBJC_WEAK = YES;
				CLANG_WARN_BLOCK_CAPTURE_AUTORELEASING = YES;
				CLANG_WARN_BOOL_CONVERSION = YES;
				CLANG_WARN_COMMA = YES;
				CLANG_WARN_CONSTANT_CONVERSION = YES;
				CLANG_WARN_DEPRECATED_OBJC_IMPLEMENTATIONS = YES;
				CLANG_WARN_DIRECT_OBJC_ISA_USAGE = YES_ERROR;
				CLANG_WARN_DOCUMENTATION_COMMENTS = YES;
				CLANG_WARN_EMPTY_BODY = YES;
				CLANG_WARN_ENUM_CONVERSION = YES;
				CLANG_WARN_INFINITE_RECURSION = YES;
				CLANG_WARN_INT_CONVERSION = YES;
				CLANG_WARN_NON_LITERAL_NULL_CONVERSION = YES;
				CLANG_WARN_OBJC_IMPLICIT_RETAIN_SELF = YES;
				CLANG_WARN_OBJC_LITERAL_CONVERSION = YES;
				CLANG_WARN_OBJC_ROOT_CLASS = YES_ERROR;
				CLANG_WARN_RANGE_LOOP_ANALYSIS = YES;
				CLANG_WARN_STRICT_PROTOTYPES = YES;
				CLANG_WARN_SUSPICIOUS_MOVE = YES;
				CLANG_WARN_UNGUARDED_AVAILABILITY = YES_AGGRESSIVE;
				CLANG_WARN_UNREACHABLE_CODE = YES;
				CLANG_WARN__DUPLICATE_METHOD_MATCH = YES;
				COPY_PHASE_STRIP = NO;
				DEBUG_INFORMATION_FORMAT = "dwarf-with-dsym";
				ENABLE_NS_ASSERTIONS = NO;
				ENABLE_STRICT_OBJC_MSGSEND = YES;
				GCC_C_LANGUAGE_STANDARD = gnu11;
				GCC_NO_COMMON_BLOCKS = YES;
				GCC_WARN_64_TO_32_BIT_CONVERSION = YES;
				GCC_WARN_ABOUT_RETURN_TYPE = YES_ERROR;
				GCC_WARN_UNDECLARED_SELECTOR = YES;
				GCC_WARN_UNINITIALIZED_AUTOS = YES_AGGRESSIVE;
				GCC_WARN_UNUSED_FUNCTION = YES;
				GCC_WARN_UNUSED_VARIABLE = YES;
				IPHONEOS_DEPLOYMENT_TARGET = 13.2;
				MTL_ENABLE_DEBUG_INFO = NO;
				MTL_FAST_MATH = YES;
				SDKROOT = iphoneos;
				SWIFT_COMPILATION_MODE = wholemodule;
				SWIFT_OPTIMIZATION_LEVEL = "-O";
				VALIDATE_PRODUCT = YES;
			};
			name = Release;
		};
		9CBD9F29245D178C00B52BB3 /* Debug */ = {
			isa = XCBuildConfiguration;
			buildSettings = {
				ASSETCATALOG_COMPILER_APPICON_NAME = AppIcon;
				CODE_SIGN_STYLE = Automatic;
				INFOPLIST_FILE = BaiTap2/Info.plist;
				LD_RUNPATH_SEARCH_PATHS = (
					"$(inherited)",
					"@executable_path/Frameworks",
				);
				PRODUCT_BUNDLE_IDENTIFIER = com.huy041299.BaiTap2;
				PRODUCT_NAME = "$(TARGET_NAME)";
				SWIFT_VERSION = 5.0;
				TARGETED_DEVICE_FAMILY = "1,2";
			};
			name = Debug;
		};
		9CBD9F2A245D178C00B52BB3 /* Release */ = {
			isa = XCBuildConfiguration;
			buildSettings = {
				ASSETCATALOG_COMPILER_APPICON_NAME = AppIcon;
				CODE_SIGN_STYLE = Automatic;
				INFOPLIST_FILE = BaiTap2/Info.plist;
				LD_RUNPATH_SEARCH_PATHS = (
					"$(inherited)",
					"@executable_path/Frameworks",
				);
				PRODUCT_BUNDLE_IDENTIFIER = com.huy041299.BaiTap2;
				PRODUCT_NAME = "$(TARGET_NAME)";
				SWIFT_VERSION = 5.0;
				TARGETED_DEVICE_FAMILY = "1,2";
			};
			name = Release;
		};
/* End XCBuildConfiguration section */

/* Begin XCConfigurationList section */
		9CBD9F0F245D178B00B52BB3 /* Build configuration list for PBXProject "BaiTap2" */ = {
			isa = XCConfigurationList;
			buildConfigurations = (
				9CBD9F26245D178C00B52BB3 /* Debug */,
				9CBD9F27245D178C00B52BB3 /* Release */,
			);
			defaultConfigurationIsVisible = 0;
			defaultConfigurationName = Release;
		};
		9CBD9F28245D178C00B52BB3 /* Build configuration list for PBXNativeTarget "BaiTap2" */ = {
			isa = XCConfigurationList;
			buildConfigurations = (
				9CBD9F29245D178C00B52BB3 /* Debug */,
				9CBD9F2A245D178C00B52BB3 /* Release */,
			);
			defaultConfigurationIsVisible = 0;
			defaultConfigurationName = Release;
		};
/* End XCConfigurationList section */
	};
	rootObject = 9CBD9F0C245D178B00B52BB3 /* Project object */;
}
